// !$*UTF8*$!
{
	archiveVersion = 1;
	classes = {
	};
	objectVersion = 50;
	objects = {

/* Begin PBXBuildFile section */
		0465F51425DA30CD008CA6D0 /* AlertController.swift in Sources */ = {isa = PBXBuildFile; fileRef = 0465F51325DA30CD008CA6D0 /* AlertController.swift */; };
		0465F51625DA39BA008CA6D0 /* PhotosInteractor.swift in Sources */ = {isa = PBXBuildFile; fileRef = 0465F51525DA39BA008CA6D0 /* PhotosInteractor.swift */; };
		0465F51A25DA561D008CA6D0 /* SentViewController.swift in Sources */ = {isa = PBXBuildFile; fileRef = 0465F51925DA561D008CA6D0 /* SentViewController.swift */; };
		0465F53E25DBDD22008CA6D0 /* PhotosViewControllerUIData.swift in Sources */ = {isa = PBXBuildFile; fileRef = 0465F53D25DBDD22008CA6D0 /* PhotosViewControllerUIData.swift */; };
		0465F54025DBDD49008CA6D0 /* SentViewControllerUIData.swift in Sources */ = {isa = PBXBuildFile; fileRef = 0465F53F25DBDD49008CA6D0 /* SentViewControllerUIData.swift */; };
		0465F54225DBDD67008CA6D0 /* ServiceViewControllerUIData.swift in Sources */ = {isa = PBXBuildFile; fileRef = 0465F54125DBDD67008CA6D0 /* ServiceViewControllerUIData.swift */; };
		04B5651225D6591200E0EC25 /* AppDelegate.swift in Sources */ = {isa = PBXBuildFile; fileRef = 04B5651125D6591200E0EC25 /* AppDelegate.swift */; };
		04B5651425D6591200E0EC25 /* SceneDelegate.swift in Sources */ = {isa = PBXBuildFile; fileRef = 04B5651325D6591200E0EC25 /* SceneDelegate.swift */; };
		04B5651E25D6591700E0EC25 /* Assets.xcassets in Resources */ = {isa = PBXBuildFile; fileRef = 04B5651D25D6591700E0EC25 /* Assets.xcassets */; };
		04B5652125D6591700E0EC25 /* LaunchScreen.storyboard in Resources */ = {isa = PBXBuildFile; fileRef = 04B5651F25D6591700E0EC25 /* LaunchScreen.storyboard */; };
		04B5652C25D6591800E0EC25 /* Taxi_and_foodTests.swift in Sources */ = {isa = PBXBuildFile; fileRef = 04B5652B25D6591800E0EC25 /* Taxi_and_foodTests.swift */; };
		04B5653725D6591800E0EC25 /* Taxi_and_foodUITests.swift in Sources */ = {isa = PBXBuildFile; fileRef = 04B5653625D6591800E0EC25 /* Taxi_and_foodUITests.swift */; };
		04B5654925D65A2600E0EC25 /* AuthViewController.swift in Sources */ = {isa = PBXBuildFile; fileRef = 04B5654825D65A2600E0EC25 /* AuthViewController.swift */; };
		04B5654B25D65A5400E0EC25 /* ConfirmAuthViewController.swift in Sources */ = {isa = PBXBuildFile; fileRef = 04B5654A25D65A5400E0EC25 /* ConfirmAuthViewController.swift */; };
		04B5655125D65AF200E0EC25 /* NetworkService.swift in Sources */ = {isa = PBXBuildFile; fileRef = 04B5655025D65AF200E0EC25 /* NetworkService.swift */; };
		04B5655325D65B1D00E0EC25 /* Resource.swift in Sources */ = {isa = PBXBuildFile; fileRef = 04B5655225D65B1D00E0EC25 /* Resource.swift */; };
		04B5655625D65B4D00E0EC25 /* UITextField+Extension.swift in Sources */ = {isa = PBXBuildFile; fileRef = 04B5655525D65B4D00E0EC25 /* UITextField+Extension.swift */; };
		04B5655825D65B6D00E0EC25 /* UIViewController+Extension.swift in Sources */ = {isa = PBXBuildFile; fileRef = 04B5655725D65B6D00E0EC25 /* UIViewController+Extension.swift */; };
		04B5656B25D6824400E0EC25 /* ServiceViewController.swift in Sources */ = {isa = PBXBuildFile; fileRef = 04B5656A25D6824400E0EC25 /* ServiceViewController.swift */; };
		04B5656D25D68EA800E0EC25 /* PhotosViewController.swift in Sources */ = {isa = PBXBuildFile; fileRef = 04B5656C25D68EA800E0EC25 /* PhotosViewController.swift */; };
		04B5656F25D8D6C700E0EC25 /* PhotosCell.swift in Sources */ = {isa = PBXBuildFile; fileRef = 04B5656E25D8D6C600E0EC25 /* PhotosCell.swift */; };
		04FFA9E525D91DCB0066032E /* Service.storyboard in Resources */ = {isa = PBXBuildFile; fileRef = 04FFA9E425D91DCB0066032E /* Service.storyboard */; };
		7B0C990825E5595B00530932 /* PromocodeEnterInteractor.swift in Sources */ = {isa = PBXBuildFile; fileRef = 7B0C990725E5595B00530932 /* PromocodeEnterInteractor.swift */; };
		7B0C991125E55B9000530932 /* PromocodeResponse.swift in Sources */ = {isa = PBXBuildFile; fileRef = 7B0C991025E55B9000530932 /* PromocodeResponse.swift */; };
		7B26145425DAD53F00E2B779 /* Userdefaults+Extension.swift in Sources */ = {isa = PBXBuildFile; fileRef = 7B26145325DAD53F00E2B779 /* Userdefaults+Extension.swift */; };
		7B26145F25DAD9BC00E2B779 /* AuthModuleUIData.swift in Sources */ = {isa = PBXBuildFile; fileRef = 7B26145E25DAD9BC00E2B779 /* AuthModuleUIData.swift */; };
		7B2B99DD25D83A39008B6CD9 /* UserAgreementViewController.swift in Sources */ = {isa = PBXBuildFile; fileRef = 7B2B99DC25D83A38008B6CD9 /* UserAgreementViewController.swift */; };
		7B2B99E525D83F10008B6CD9 /* AuthModel.swift in Sources */ = {isa = PBXBuildFile; fileRef = 7B2B99E425D83F10008B6CD9 /* AuthModel.swift */; };
		7B2B99EE25D8419B008B6CD9 /* ConfirmAuthInteractor.swift in Sources */ = {isa = PBXBuildFile; fileRef = 7B2B99ED25D8419B008B6CD9 /* ConfirmAuthInteractor.swift */; };
		7B47C82025DD2A4C00F366FE /* Tarifs.storyboard in Resources */ = {isa = PBXBuildFile; fileRef = 7B47C81F25DD2A4C00F366FE /* Tarifs.storyboard */; };
		7B47C84325DD448A00F366FE /* AdvantageCollectionViewCell.swift in Sources */ = {isa = PBXBuildFile; fileRef = 7B47C84225DD448A00F366FE /* AdvantageCollectionViewCell.swift */; };
		7B47C84B25DD478D00F366FE /* TariffViewController.swift in Sources */ = {isa = PBXBuildFile; fileRef = 7B47C84A25DD478D00F366FE /* TariffViewController.swift */; };
		7B47C85525DE470500F366FE /* TariffsPageViewController.swift in Sources */ = {isa = PBXBuildFile; fileRef = 7B47C85425DE470500F366FE /* TariffsPageViewController.swift */; };
		7B47C85D25DE478400F366FE /* TariffsPageInteractor.swift in Sources */ = {isa = PBXBuildFile; fileRef = 7B47C85C25DE478400F366FE /* TariffsPageInteractor.swift */; };
		7B47C86225DE9A0300F366FE /* TariffTitleButton.swift in Sources */ = {isa = PBXBuildFile; fileRef = 7B47C86125DE9A0300F366FE /* TariffTitleButton.swift */; };
		7B47C87725E1458900F366FE /* MenuView.swift in Sources */ = {isa = PBXBuildFile; fileRef = 7B47C87625E1458900F366FE /* MenuView.swift */; };
		7B47C87C25E147E700F366FE /* CloseMenuButton.swift in Sources */ = {isa = PBXBuildFile; fileRef = 7B47C87B25E147E700F366FE /* CloseMenuButton.swift */; };
		7B75CED625DAE065001981CA /* ConfirmAuthModuleUIData.swift in Sources */ = {isa = PBXBuildFile; fileRef = 7B75CED525DAE065001981CA /* ConfirmAuthModuleUIData.swift */; };
		7B75CEDE25DAE2E3001981CA /* NetworkRequestData.swift in Sources */ = {isa = PBXBuildFile; fileRef = 7B75CEDD25DAE2E3001981CA /* NetworkRequestData.swift */; };
		7B75CEE725DAE72C001981CA /* MainBottomButton.swift in Sources */ = {isa = PBXBuildFile; fileRef = 7B75CEE625DAE72C001981CA /* MainBottomButton.swift */; };
		7B75CEEF25DAF622001981CA /* String+Extension.swift in Sources */ = {isa = PBXBuildFile; fileRef = 7B75CEEE25DAF622001981CA /* String+Extension.swift */; };
		7B75CEF425DB0AC1001981CA /* DigitTextField.swift in Sources */ = {isa = PBXBuildFile; fileRef = 7B75CEF325DB0AC1001981CA /* DigitTextField.swift */; };
		7B75CF0225DC3B58001981CA /* ServiceRoundAddButton.swift in Sources */ = {isa = PBXBuildFile; fileRef = 7B75CF0125DC3B58001981CA /* ServiceRoundAddButton.swift */; };
		7B75CF0F25DC3FA6001981CA /* UploadImageView.swift in Sources */ = {isa = PBXBuildFile; fileRef = 7B75CF0E25DC3FA6001981CA /* UploadImageView.swift */; };
		7B75CF1425DC4C53001981CA /* ProblemTextView.swift in Sources */ = {isa = PBXBuildFile; fileRef = 7B75CF1325DC4C53001981CA /* ProblemTextView.swift */; };
		7B75CF3025DD661A001981CA /* TarifModuleData.swift in Sources */ = {isa = PBXBuildFile; fileRef = 7B75CF2F25DD661A001981CA /* TarifModuleData.swift */; };
		7B75CF3525DD6628001981CA /* Names.swift in Sources */ = {isa = PBXBuildFile; fileRef = 7B75CF3425DD6628001981CA /* Names.swift */; };
		7B75CF3D25DD6CFE001981CA /* TopAlignLabel.swift in Sources */ = {isa = PBXBuildFile; fileRef = 7B75CF3C25DD6CFE001981CA /* TopAlignLabel.swift */; };
		7B75CF4225DD707B001981CA /* TariffInteractor.swift in Sources */ = {isa = PBXBuildFile; fileRef = 7B75CF4125DD707B001981CA /* TariffInteractor.swift */; };
		7B75CF5125DD71E1001981CA /* TarifResponse.swift in Sources */ = {isa = PBXBuildFile; fileRef = 7B75CF5025DD71E1001981CA /* TarifResponse.swift */; };
		7B75CF6325DD7DD3001981CA /* UIImageView+Extension.swift in Sources */ = {isa = PBXBuildFile; fileRef = 7B75CF6225DD7DD3001981CA /* UIImageView+Extension.swift */; };
		7B75CF8B25E00B9B001981CA /* MainBottomButtonUIData.swift in Sources */ = {isa = PBXBuildFile; fileRef = 7B75CF8A25E00B9B001981CA /* MainBottomButtonUIData.swift */; };
		7B75CF9025E01CFD001981CA /* ServerError.swift in Sources */ = {isa = PBXBuildFile; fileRef = 7B75CF8F25E01CFD001981CA /* ServerError.swift */; };
		7B75CF9525E03861001981CA /* MapRoundButton.swift in Sources */ = {isa = PBXBuildFile; fileRef = 7B75CF9425E03861001981CA /* MapRoundButton.swift */; };
		7B75CF9A25E038F4001981CA /* MapViewControllerUIData.swift in Sources */ = {isa = PBXBuildFile; fileRef = 7B75CF9925E038F4001981CA /* MapViewControllerUIData.swift */; };
		7B75CFA525E03D5A001981CA /* MapBottomView.swift in Sources */ = {isa = PBXBuildFile; fileRef = 7B75CFA425E03D5A001981CA /* MapBottomView.swift */; };
		7B75CFAD25E16EA9001981CA /* MapInteractor.swift in Sources */ = {isa = PBXBuildFile; fileRef = 7B75CFAC25E16EA9001981CA /* MapInteractor.swift */; };
		7B75CFB725E17219001981CA /* TableViewDataSourceAndDelegate.swift in Sources */ = {isa = PBXBuildFile; fileRef = 7B75CFB625E17219001981CA /* TableViewDataSourceAndDelegate.swift */; };
		7B75CFC525E175E8001981CA /* MapMenuViewCell.swift in Sources */ = {isa = PBXBuildFile; fileRef = 7B75CFC425E175E8001981CA /* MapMenuViewCell.swift */; };
		7B75CFCA25E17AF7001981CA /* MapMenuDataModel.swift in Sources */ = {isa = PBXBuildFile; fileRef = 7B75CFC925E17AF7001981CA /* MapMenuDataModel.swift */; };
		7B75CFE025E3CBEC001981CA /* Taxi_and_food.xcdatamodeld in Sources */ = {isa = PBXBuildFile; fileRef = 7B75CFDE25E3CBEC001981CA /* Taxi_and_food.xcdatamodeld */; };
		7B75CFE825E3FE80001981CA /* PersistanceStoreManager.swift in Sources */ = {isa = PBXBuildFile; fileRef = 7B75CFE725E3FE80001981CA /* PersistanceStoreManager.swift */; };
		7B75D01625E50B99001981CA /* Promocode.storyboard in Resources */ = {isa = PBXBuildFile; fileRef = 7B75D01525E50B99001981CA /* Promocode.storyboard */; };
		7B75D01F25E5105A001981CA /* PromocodeViewController.swift in Sources */ = {isa = PBXBuildFile; fileRef = 7B75D01E25E5105A001981CA /* PromocodeViewController.swift */; };
		7B75D02825E512EE001981CA /* PromocodeModuleTexts.swift in Sources */ = {isa = PBXBuildFile; fileRef = 7B75D02725E512EE001981CA /* PromocodeModuleTexts.swift */; };
		7B75D02D25E51C18001981CA /* TextEnterView.swift in Sources */ = {isa = PBXBuildFile; fileRef = 7B75D02C25E51C18001981CA /* TextEnterView.swift */; };
		7B75D03A25E51D0E001981CA /* PromocodeEnterViewController.swift in Sources */ = {isa = PBXBuildFile; fileRef = 7B75D03925E51D0E001981CA /* PromocodeEnterViewController.swift */; };
		7B75D04725E52979001981CA /* TextEnterViewUIData.swift in Sources */ = {isa = PBXBuildFile; fileRef = 7B75D04625E52979001981CA /* TextEnterViewUIData.swift */; };
		7B75D04C25E52EF1001981CA /* UIStackView+Extension.swift in Sources */ = {isa = PBXBuildFile; fileRef = 7B75D04B25E52EF1001981CA /* UIStackView+Extension.swift */; };
		7BCBCB8225D9452B00C43CF6 /* AuthInteractor.swift in Sources */ = {isa = PBXBuildFile; fileRef = 7BCBCB8125D9452B00C43CF6 /* AuthInteractor.swift */; };
		7BCBCB9125D94EC200C43CF6 /* GeneralUISettings.swift in Sources */ = {isa = PBXBuildFile; fileRef = 7BCBCB9025D94EC200C43CF6 /* GeneralUISettings.swift */; };
		7BCBCB9625D94F4100C43CF6 /* UIColor+Extension.swift in Sources */ = {isa = PBXBuildFile; fileRef = 7BCBCB9525D94F4100C43CF6 /* UIColor+Extension.swift */; };
		7BFFA66125D66F8300C35652 /* PhoneFormatter.swift in Sources */ = {isa = PBXBuildFile; fileRef = 7BFFA66025D66F8300C35652 /* PhoneFormatter.swift */; };
		7BFFA66625D66F9500C35652 /* UILabel+Extension.swift in Sources */ = {isa = PBXBuildFile; fileRef = 7BFFA66525D66F9500C35652 /* UILabel+Extension.swift */; };
		7BFFA67025D66FAC00C35652 /* UITapGestureRecognizer+Extension.swift in Sources */ = {isa = PBXBuildFile; fileRef = 7BFFA66F25D66FAC00C35652 /* UITapGestureRecognizer+Extension.swift */; };
		7BFFA68325D67F0300C35652 /* MapViewController.swift in Sources */ = {isa = PBXBuildFile; fileRef = 7BFFA68225D67F0300C35652 /* MapViewController.swift */; };
		7BFFA71025DBCC9200C35652 /* AuthAndMap.storyboard in Resources */ = {isa = PBXBuildFile; fileRef = 7BFFA70F25DBCC9200C35652 /* AuthAndMap.storyboard */; };
/* End PBXBuildFile section */

/* Begin PBXContainerItemProxy section */
		04B5652825D6591700E0EC25 /* PBXContainerItemProxy */ = {
			isa = PBXContainerItemProxy;
			containerPortal = 04B5650625D6591200E0EC25 /* Project object */;
			proxyType = 1;
			remoteGlobalIDString = 04B5650D25D6591200E0EC25;
			remoteInfo = "Taxi and food";
		};
		04B5653325D6591800E0EC25 /* PBXContainerItemProxy */ = {
			isa = PBXContainerItemProxy;
			containerPortal = 04B5650625D6591200E0EC25 /* Project object */;
			proxyType = 1;
			remoteGlobalIDString = 04B5650D25D6591200E0EC25;
			remoteInfo = "Taxi and food";
		};
/* End PBXContainerItemProxy section */

/* Begin PBXFileReference section */
		0465F51325DA30CD008CA6D0 /* AlertController.swift */ = {isa = PBXFileReference; lastKnownFileType = sourcecode.swift; path = AlertController.swift; sourceTree = "<group>"; };
		0465F51525DA39BA008CA6D0 /* PhotosInteractor.swift */ = {isa = PBXFileReference; lastKnownFileType = sourcecode.swift; path = PhotosInteractor.swift; sourceTree = "<group>"; };
		0465F51925DA561D008CA6D0 /* SentViewController.swift */ = {isa = PBXFileReference; lastKnownFileType = sourcecode.swift; path = SentViewController.swift; sourceTree = "<group>"; };
		0465F53D25DBDD22008CA6D0 /* PhotosViewControllerUIData.swift */ = {isa = PBXFileReference; lastKnownFileType = sourcecode.swift; path = PhotosViewControllerUIData.swift; sourceTree = "<group>"; };
		0465F53F25DBDD49008CA6D0 /* SentViewControllerUIData.swift */ = {isa = PBXFileReference; lastKnownFileType = sourcecode.swift; path = SentViewControllerUIData.swift; sourceTree = "<group>"; };
		0465F54125DBDD67008CA6D0 /* ServiceViewControllerUIData.swift */ = {isa = PBXFileReference; lastKnownFileType = sourcecode.swift; path = ServiceViewControllerUIData.swift; sourceTree = "<group>"; };
		04B5650E25D6591200E0EC25 /* Taxi and food.app */ = {isa = PBXFileReference; explicitFileType = wrapper.application; includeInIndex = 0; path = "Taxi and food.app"; sourceTree = BUILT_PRODUCTS_DIR; };
		04B5651125D6591200E0EC25 /* AppDelegate.swift */ = {isa = PBXFileReference; lastKnownFileType = sourcecode.swift; path = AppDelegate.swift; sourceTree = "<group>"; };
		04B5651325D6591200E0EC25 /* SceneDelegate.swift */ = {isa = PBXFileReference; lastKnownFileType = sourcecode.swift; path = SceneDelegate.swift; sourceTree = "<group>"; };
		04B5651D25D6591700E0EC25 /* Assets.xcassets */ = {isa = PBXFileReference; lastKnownFileType = folder.assetcatalog; path = Assets.xcassets; sourceTree = "<group>"; };
		04B5652025D6591700E0EC25 /* Base */ = {isa = PBXFileReference; lastKnownFileType = file.storyboard; name = Base; path = Base.lproj/LaunchScreen.storyboard; sourceTree = "<group>"; };
		04B5652225D6591700E0EC25 /* Info.plist */ = {isa = PBXFileReference; lastKnownFileType = text.plist.xml; path = Info.plist; sourceTree = "<group>"; };
		04B5652725D6591700E0EC25 /* Taxi and foodTests.xctest */ = {isa = PBXFileReference; explicitFileType = wrapper.cfbundle; includeInIndex = 0; path = "Taxi and foodTests.xctest"; sourceTree = BUILT_PRODUCTS_DIR; };
		04B5652B25D6591800E0EC25 /* Taxi_and_foodTests.swift */ = {isa = PBXFileReference; lastKnownFileType = sourcecode.swift; path = Taxi_and_foodTests.swift; sourceTree = "<group>"; };
		04B5652D25D6591800E0EC25 /* Info.plist */ = {isa = PBXFileReference; lastKnownFileType = text.plist.xml; path = Info.plist; sourceTree = "<group>"; };
		04B5653225D6591800E0EC25 /* Taxi and foodUITests.xctest */ = {isa = PBXFileReference; explicitFileType = wrapper.cfbundle; includeInIndex = 0; path = "Taxi and foodUITests.xctest"; sourceTree = BUILT_PRODUCTS_DIR; };
		04B5653625D6591800E0EC25 /* Taxi_and_foodUITests.swift */ = {isa = PBXFileReference; lastKnownFileType = sourcecode.swift; path = Taxi_and_foodUITests.swift; sourceTree = "<group>"; };
		04B5653825D6591800E0EC25 /* Info.plist */ = {isa = PBXFileReference; lastKnownFileType = text.plist.xml; path = Info.plist; sourceTree = "<group>"; };
		04B5654825D65A2600E0EC25 /* AuthViewController.swift */ = {isa = PBXFileReference; lastKnownFileType = sourcecode.swift; path = AuthViewController.swift; sourceTree = "<group>"; };
		04B5654A25D65A5400E0EC25 /* ConfirmAuthViewController.swift */ = {isa = PBXFileReference; lastKnownFileType = sourcecode.swift; path = ConfirmAuthViewController.swift; sourceTree = "<group>"; };
		04B5655025D65AF200E0EC25 /* NetworkService.swift */ = {isa = PBXFileReference; lastKnownFileType = sourcecode.swift; path = NetworkService.swift; sourceTree = "<group>"; };
		04B5655225D65B1D00E0EC25 /* Resource.swift */ = {isa = PBXFileReference; lastKnownFileType = sourcecode.swift; path = Resource.swift; sourceTree = "<group>"; };
		04B5655525D65B4D00E0EC25 /* UITextField+Extension.swift */ = {isa = PBXFileReference; lastKnownFileType = sourcecode.swift; path = "UITextField+Extension.swift"; sourceTree = "<group>"; };
		04B5655725D65B6D00E0EC25 /* UIViewController+Extension.swift */ = {isa = PBXFileReference; lastKnownFileType = sourcecode.swift; path = "UIViewController+Extension.swift"; sourceTree = "<group>"; };
		04B5656A25D6824400E0EC25 /* ServiceViewController.swift */ = {isa = PBXFileReference; lastKnownFileType = sourcecode.swift; path = ServiceViewController.swift; sourceTree = "<group>"; };
		04B5656C25D68EA800E0EC25 /* PhotosViewController.swift */ = {isa = PBXFileReference; lastKnownFileType = sourcecode.swift; path = PhotosViewController.swift; sourceTree = "<group>"; };
		04B5656E25D8D6C600E0EC25 /* PhotosCell.swift */ = {isa = PBXFileReference; lastKnownFileType = sourcecode.swift; path = PhotosCell.swift; sourceTree = "<group>"; };
		04FFA9E425D91DCB0066032E /* Service.storyboard */ = {isa = PBXFileReference; lastKnownFileType = file.storyboard; path = Service.storyboard; sourceTree = "<group>"; };
		7B0C990725E5595B00530932 /* PromocodeEnterInteractor.swift */ = {isa = PBXFileReference; lastKnownFileType = sourcecode.swift; path = PromocodeEnterInteractor.swift; sourceTree = "<group>"; };
		7B0C991025E55B9000530932 /* PromocodeResponse.swift */ = {isa = PBXFileReference; lastKnownFileType = sourcecode.swift; path = PromocodeResponse.swift; sourceTree = "<group>"; };
		7B26145325DAD53F00E2B779 /* Userdefaults+Extension.swift */ = {isa = PBXFileReference; lastKnownFileType = sourcecode.swift; path = "Userdefaults+Extension.swift"; sourceTree = "<group>"; };
		7B26145E25DAD9BC00E2B779 /* AuthModuleUIData.swift */ = {isa = PBXFileReference; lastKnownFileType = sourcecode.swift; path = AuthModuleUIData.swift; sourceTree = "<group>"; };
		7B2B99DC25D83A38008B6CD9 /* UserAgreementViewController.swift */ = {isa = PBXFileReference; fileEncoding = 4; lastKnownFileType = sourcecode.swift; path = UserAgreementViewController.swift; sourceTree = "<group>"; };
		7B2B99E425D83F10008B6CD9 /* AuthModel.swift */ = {isa = PBXFileReference; lastKnownFileType = sourcecode.swift; path = AuthModel.swift; sourceTree = "<group>"; };
		7B2B99ED25D8419B008B6CD9 /* ConfirmAuthInteractor.swift */ = {isa = PBXFileReference; lastKnownFileType = sourcecode.swift; path = ConfirmAuthInteractor.swift; sourceTree = "<group>"; };
		7B47C81F25DD2A4C00F366FE /* Tarifs.storyboard */ = {isa = PBXFileReference; lastKnownFileType = file.storyboard; path = Tarifs.storyboard; sourceTree = "<group>"; };
		7B47C84225DD448A00F366FE /* AdvantageCollectionViewCell.swift */ = {isa = PBXFileReference; lastKnownFileType = sourcecode.swift; path = AdvantageCollectionViewCell.swift; sourceTree = "<group>"; };
		7B47C84A25DD478D00F366FE /* TariffViewController.swift */ = {isa = PBXFileReference; lastKnownFileType = sourcecode.swift; path = TariffViewController.swift; sourceTree = "<group>"; };
		7B47C85425DE470500F366FE /* TariffsPageViewController.swift */ = {isa = PBXFileReference; lastKnownFileType = sourcecode.swift; path = TariffsPageViewController.swift; sourceTree = "<group>"; };
		7B47C85C25DE478400F366FE /* TariffsPageInteractor.swift */ = {isa = PBXFileReference; lastKnownFileType = sourcecode.swift; path = TariffsPageInteractor.swift; sourceTree = "<group>"; };
		7B47C86125DE9A0300F366FE /* TariffTitleButton.swift */ = {isa = PBXFileReference; lastKnownFileType = sourcecode.swift; path = TariffTitleButton.swift; sourceTree = "<group>"; };
		7B47C87625E1458900F366FE /* MenuView.swift */ = {isa = PBXFileReference; lastKnownFileType = sourcecode.swift; path = MenuView.swift; sourceTree = "<group>"; };
		7B47C87B25E147E700F366FE /* CloseMenuButton.swift */ = {isa = PBXFileReference; lastKnownFileType = sourcecode.swift; path = CloseMenuButton.swift; sourceTree = "<group>"; };
		7B75CED525DAE065001981CA /* ConfirmAuthModuleUIData.swift */ = {isa = PBXFileReference; lastKnownFileType = sourcecode.swift; path = ConfirmAuthModuleUIData.swift; sourceTree = "<group>"; };
		7B75CEDD25DAE2E3001981CA /* NetworkRequestData.swift */ = {isa = PBXFileReference; lastKnownFileType = sourcecode.swift; path = NetworkRequestData.swift; sourceTree = "<group>"; };
		7B75CEE625DAE72C001981CA /* MainBottomButton.swift */ = {isa = PBXFileReference; lastKnownFileType = sourcecode.swift; path = MainBottomButton.swift; sourceTree = "<group>"; };
		7B75CEEE25DAF622001981CA /* String+Extension.swift */ = {isa = PBXFileReference; lastKnownFileType = sourcecode.swift; path = "String+Extension.swift"; sourceTree = "<group>"; };
		7B75CEF325DB0AC1001981CA /* DigitTextField.swift */ = {isa = PBXFileReference; lastKnownFileType = sourcecode.swift; path = DigitTextField.swift; sourceTree = "<group>"; };
		7B75CF0125DC3B58001981CA /* ServiceRoundAddButton.swift */ = {isa = PBXFileReference; lastKnownFileType = sourcecode.swift; path = ServiceRoundAddButton.swift; sourceTree = "<group>"; };
		7B75CF0E25DC3FA6001981CA /* UploadImageView.swift */ = {isa = PBXFileReference; lastKnownFileType = sourcecode.swift; path = UploadImageView.swift; sourceTree = "<group>"; };
		7B75CF1325DC4C53001981CA /* ProblemTextView.swift */ = {isa = PBXFileReference; lastKnownFileType = sourcecode.swift; path = ProblemTextView.swift; sourceTree = "<group>"; };
		7B75CF2F25DD661A001981CA /* TarifModuleData.swift */ = {isa = PBXFileReference; lastKnownFileType = sourcecode.swift; path = TarifModuleData.swift; sourceTree = "<group>"; };
		7B75CF3425DD6628001981CA /* Names.swift */ = {isa = PBXFileReference; lastKnownFileType = sourcecode.swift; path = Names.swift; sourceTree = "<group>"; };
		7B75CF3C25DD6CFE001981CA /* TopAlignLabel.swift */ = {isa = PBXFileReference; lastKnownFileType = sourcecode.swift; path = TopAlignLabel.swift; sourceTree = "<group>"; };
		7B75CF4125DD707B001981CA /* TariffInteractor.swift */ = {isa = PBXFileReference; lastKnownFileType = sourcecode.swift; path = TariffInteractor.swift; sourceTree = "<group>"; };
		7B75CF5025DD71E1001981CA /* TarifResponse.swift */ = {isa = PBXFileReference; lastKnownFileType = sourcecode.swift; path = TarifResponse.swift; sourceTree = "<group>"; };
		7B75CF6225DD7DD3001981CA /* UIImageView+Extension.swift */ = {isa = PBXFileReference; lastKnownFileType = sourcecode.swift; path = "UIImageView+Extension.swift"; sourceTree = "<group>"; };
		7B75CF8A25E00B9B001981CA /* MainBottomButtonUIData.swift */ = {isa = PBXFileReference; lastKnownFileType = sourcecode.swift; path = MainBottomButtonUIData.swift; sourceTree = "<group>"; };
		7B75CF8F25E01CFD001981CA /* ServerError.swift */ = {isa = PBXFileReference; lastKnownFileType = sourcecode.swift; path = ServerError.swift; sourceTree = "<group>"; };
		7B75CF9425E03861001981CA /* MapRoundButton.swift */ = {isa = PBXFileReference; lastKnownFileType = sourcecode.swift; path = MapRoundButton.swift; sourceTree = "<group>"; };
		7B75CF9925E038F4001981CA /* MapViewControllerUIData.swift */ = {isa = PBXFileReference; lastKnownFileType = sourcecode.swift; path = MapViewControllerUIData.swift; sourceTree = "<group>"; };
		7B75CFA425E03D5A001981CA /* MapBottomView.swift */ = {isa = PBXFileReference; lastKnownFileType = sourcecode.swift; path = MapBottomView.swift; sourceTree = "<group>"; };
		7B75CFAC25E16EA9001981CA /* MapInteractor.swift */ = {isa = PBXFileReference; lastKnownFileType = sourcecode.swift; path = MapInteractor.swift; sourceTree = "<group>"; };
		7B75CFB625E17219001981CA /* TableViewDataSourceAndDelegate.swift */ = {isa = PBXFileReference; lastKnownFileType = sourcecode.swift; path = TableViewDataSourceAndDelegate.swift; sourceTree = "<group>"; };
		7B75CFC425E175E8001981CA /* MapMenuViewCell.swift */ = {isa = PBXFileReference; lastKnownFileType = sourcecode.swift; path = MapMenuViewCell.swift; sourceTree = "<group>"; };
		7B75CFC925E17AF7001981CA /* MapMenuDataModel.swift */ = {isa = PBXFileReference; lastKnownFileType = sourcecode.swift; path = MapMenuDataModel.swift; sourceTree = "<group>"; };
		7B75CFDF25E3CBEC001981CA /* Taxi_and_food.xcdatamodel */ = {isa = PBXFileReference; lastKnownFileType = wrapper.xcdatamodel; path = Taxi_and_food.xcdatamodel; sourceTree = "<group>"; };
		7B75CFE725E3FE80001981CA /* PersistanceStoreManager.swift */ = {isa = PBXFileReference; lastKnownFileType = sourcecode.swift; path = PersistanceStoreManager.swift; sourceTree = "<group>"; };
		7B75D01525E50B99001981CA /* Promocode.storyboard */ = {isa = PBXFileReference; lastKnownFileType = file.storyboard; path = Promocode.storyboard; sourceTree = "<group>"; };
		7B75D01E25E5105A001981CA /* PromocodeViewController.swift */ = {isa = PBXFileReference; lastKnownFileType = sourcecode.swift; path = PromocodeViewController.swift; sourceTree = "<group>"; };
		7B75D02725E512EE001981CA /* PromocodeModuleTexts.swift */ = {isa = PBXFileReference; lastKnownFileType = sourcecode.swift; path = PromocodeModuleTexts.swift; sourceTree = "<group>"; };
		7B75D02C25E51C18001981CA /* TextEnterView.swift */ = {isa = PBXFileReference; lastKnownFileType = sourcecode.swift; path = TextEnterView.swift; sourceTree = "<group>"; };
		7B75D03925E51D0E001981CA /* PromocodeEnterViewController.swift */ = {isa = PBXFileReference; lastKnownFileType = sourcecode.swift; path = PromocodeEnterViewController.swift; sourceTree = "<group>"; };
		7B75D04625E52979001981CA /* TextEnterViewUIData.swift */ = {isa = PBXFileReference; lastKnownFileType = sourcecode.swift; path = TextEnterViewUIData.swift; sourceTree = "<group>"; };
		7B75D04B25E52EF1001981CA /* UIStackView+Extension.swift */ = {isa = PBXFileReference; lastKnownFileType = sourcecode.swift; path = "UIStackView+Extension.swift"; sourceTree = "<group>"; };
		7BCBCB8125D9452B00C43CF6 /* AuthInteractor.swift */ = {isa = PBXFileReference; lastKnownFileType = sourcecode.swift; path = AuthInteractor.swift; sourceTree = "<group>"; };
		7BCBCB9025D94EC200C43CF6 /* GeneralUISettings.swift */ = {isa = PBXFileReference; lastKnownFileType = sourcecode.swift; path = GeneralUISettings.swift; sourceTree = "<group>"; };
		7BCBCB9525D94F4100C43CF6 /* UIColor+Extension.swift */ = {isa = PBXFileReference; lastKnownFileType = sourcecode.swift; path = "UIColor+Extension.swift"; sourceTree = "<group>"; };
		7BFFA66025D66F8300C35652 /* PhoneFormatter.swift */ = {isa = PBXFileReference; fileEncoding = 4; lastKnownFileType = sourcecode.swift; path = PhoneFormatter.swift; sourceTree = "<group>"; };
		7BFFA66525D66F9500C35652 /* UILabel+Extension.swift */ = {isa = PBXFileReference; fileEncoding = 4; lastKnownFileType = sourcecode.swift; path = "UILabel+Extension.swift"; sourceTree = "<group>"; };
		7BFFA66F25D66FAC00C35652 /* UITapGestureRecognizer+Extension.swift */ = {isa = PBXFileReference; fileEncoding = 4; lastKnownFileType = sourcecode.swift; path = "UITapGestureRecognizer+Extension.swift"; sourceTree = "<group>"; };
		7BFFA68225D67F0300C35652 /* MapViewController.swift */ = {isa = PBXFileReference; fileEncoding = 4; lastKnownFileType = sourcecode.swift; path = MapViewController.swift; sourceTree = "<group>"; };
		7BFFA70F25DBCC9200C35652 /* AuthAndMap.storyboard */ = {isa = PBXFileReference; fileEncoding = 4; lastKnownFileType = file.storyboard; path = AuthAndMap.storyboard; sourceTree = "<group>"; };
/* End PBXFileReference section */

/* Begin PBXFrameworksBuildPhase section */
		04B5650B25D6591200E0EC25 /* Frameworks */ = {
			isa = PBXFrameworksBuildPhase;
			buildActionMask = 2147483647;
			files = (
			);
			runOnlyForDeploymentPostprocessing = 0;
		};
		04B5652425D6591700E0EC25 /* Frameworks */ = {
			isa = PBXFrameworksBuildPhase;
			buildActionMask = 2147483647;
			files = (
			);
			runOnlyForDeploymentPostprocessing = 0;
		};
		04B5652F25D6591800E0EC25 /* Frameworks */ = {
			isa = PBXFrameworksBuildPhase;
			buildActionMask = 2147483647;
			files = (
			);
			runOnlyForDeploymentPostprocessing = 0;
		};
/* End PBXFrameworksBuildPhase section */

/* Begin PBXGroup section */
		04B5650525D6591200E0EC25 = {
			isa = PBXGroup;
			children = (
				04B5651025D6591200E0EC25 /* Taxi and food */,
				04B5652A25D6591700E0EC25 /* Taxi and foodTests */,
				04B5653525D6591800E0EC25 /* Taxi and foodUITests */,
				04B5650F25D6591200E0EC25 /* Products */,
			);
			sourceTree = "<group>";
		};
		04B5650F25D6591200E0EC25 /* Products */ = {
			isa = PBXGroup;
			children = (
				04B5650E25D6591200E0EC25 /* Taxi and food.app */,
				04B5652725D6591700E0EC25 /* Taxi and foodTests.xctest */,
				04B5653225D6591800E0EC25 /* Taxi and foodUITests.xctest */,
			);
			name = Products;
			sourceTree = "<group>";
		};
		04B5651025D6591200E0EC25 /* Taxi and food */ = {
			isa = PBXGroup;
			children = (
				04B5654425D6596900E0EC25 /* App lifecycle */,
				7B84660325D839BB00B09D98 /* Start Group */,
				04B5656725D681BC00E0EC25 /* Menu modul */,
				7B47C81E25DD299F00F366FE /* Tariffs Module */,
				7B75D01A25E50BB9001981CA /* PromocodeModule */,
				04B5654C25D65A9800E0EC25 /* Services */,
				7B75CEE525DAE6E4001981CA /* CustomUI */,
				04B5655425D65B3900E0EC25 /* Extensions */,
				7B26145225DAD4CE00E2B779 /* Data */,
				04B5655925D65B8F00E0EC25 /* Helpers */,
				04B5651D25D6591700E0EC25 /* Assets.xcassets */,
				04B5651F25D6591700E0EC25 /* LaunchScreen.storyboard */,
				04B5652225D6591700E0EC25 /* Info.plist */,
			);
			path = "Taxi and food";
			sourceTree = "<group>";
		};
		04B5652A25D6591700E0EC25 /* Taxi and foodTests */ = {
			isa = PBXGroup;
			children = (
				04B5652B25D6591800E0EC25 /* Taxi_and_foodTests.swift */,
				04B5652D25D6591800E0EC25 /* Info.plist */,
			);
			path = "Taxi and foodTests";
			sourceTree = "<group>";
		};
		04B5653525D6591800E0EC25 /* Taxi and foodUITests */ = {
			isa = PBXGroup;
			children = (
				04B5653625D6591800E0EC25 /* Taxi_and_foodUITests.swift */,
				04B5653825D6591800E0EC25 /* Info.plist */,
			);
			path = "Taxi and foodUITests";
			sourceTree = "<group>";
		};
		04B5654425D6596900E0EC25 /* App lifecycle */ = {
			isa = PBXGroup;
			children = (
				04B5651125D6591200E0EC25 /* AppDelegate.swift */,
				04B5651325D6591200E0EC25 /* SceneDelegate.swift */,
			);
			path = "App lifecycle";
			sourceTree = "<group>";
		};
		04B5654525D659D800E0EC25 /* Auth module */ = {
			isa = PBXGroup;
			children = (
				04B5654725D65A0B00E0EC25 /* View */,
				7BCBCB8625D9454A00C43CF6 /* Interactor */,
			);
			path = "Auth module";
			sourceTree = "<group>";
		};
		04B5654725D65A0B00E0EC25 /* View */ = {
			isa = PBXGroup;
			children = (
				04B5654825D65A2600E0EC25 /* AuthViewController.swift */,
				7B2B99DC25D83A38008B6CD9 /* UserAgreementViewController.swift */,
			);
			path = View;
			sourceTree = "<group>";
		};
		04B5654C25D65A9800E0EC25 /* Services */ = {
			isa = PBXGroup;
			children = (
				04B5654D25D65AAC00E0EC25 /* NetworkServie */,
				7B75CFEC25E3FE88001981CA /* PersistanceService */,
			);
			path = Services;
			sourceTree = "<group>";
		};
		04B5654D25D65AAC00E0EC25 /* NetworkServie */ = {
			isa = PBXGroup;
			children = (
				04B5655025D65AF200E0EC25 /* NetworkService.swift */,
				04B5655225D65B1D00E0EC25 /* Resource.swift */,
			);
			path = NetworkServie;
			sourceTree = "<group>";
		};
		04B5655425D65B3900E0EC25 /* Extensions */ = {
			isa = PBXGroup;
			children = (
				04B5655525D65B4D00E0EC25 /* UITextField+Extension.swift */,
				7B75D04B25E52EF1001981CA /* UIStackView+Extension.swift */,
				7B75CEEE25DAF622001981CA /* String+Extension.swift */,
				7BFFA66F25D66FAC00C35652 /* UITapGestureRecognizer+Extension.swift */,
				04B5655725D65B6D00E0EC25 /* UIViewController+Extension.swift */,
				7BFFA66525D66F9500C35652 /* UILabel+Extension.swift */,
				7B75CF6225DD7DD3001981CA /* UIImageView+Extension.swift */,
				7BCBCB9525D94F4100C43CF6 /* UIColor+Extension.swift */,
				7B26145325DAD53F00E2B779 /* Userdefaults+Extension.swift */,
			);
			path = Extensions;
			sourceTree = "<group>";
		};
		04B5655925D65B8F00E0EC25 /* Helpers */ = {
			isa = PBXGroup;
			children = (
				7BFFA66025D66F8300C35652 /* PhoneFormatter.swift */,
				7B75CFB625E17219001981CA /* TableViewDataSourceAndDelegate.swift */,
				0465F51325DA30CD008CA6D0 /* AlertController.swift */,
				7B75CF8F25E01CFD001981CA /* ServerError.swift */,
			);
			path = Helpers;
			sourceTree = "<group>";
		};
		04B5656725D681BC00E0EC25 /* Menu modul */ = {
			isa = PBXGroup;
			children = (
				04B5656925D6823200E0EC25 /* View */,
				04B5656825D6822700E0EC25 /* Interactor */,
			);
			path = "Menu modul";
			sourceTree = "<group>";
		};
		04B5656825D6822700E0EC25 /* Interactor */ = {
			isa = PBXGroup;
			children = (
				0465F51525DA39BA008CA6D0 /* PhotosInteractor.swift */,
			);
			path = Interactor;
			sourceTree = "<group>";
		};
		04B5656925D6823200E0EC25 /* View */ = {
			isa = PBXGroup;
			children = (
				04B5656A25D6824400E0EC25 /* ServiceViewController.swift */,
				04B5656C25D68EA800E0EC25 /* PhotosViewController.swift */,
				0465F51925DA561D008CA6D0 /* SentViewController.swift */,
				04B5656E25D8D6C600E0EC25 /* PhotosCell.swift */,
				04FFA9E425D91DCB0066032E /* Service.storyboard */,
			);
			path = View;
			sourceTree = "<group>";
		};
		7B0C990C25E5596200530932 /* Interactor */ = {
			isa = PBXGroup;
			children = (
				7B0C990725E5595B00530932 /* PromocodeEnterInteractor.swift */,
			);
			path = Interactor;
			sourceTree = "<group>";
		};
		7B26145225DAD4CE00E2B779 /* Data */ = {
			isa = PBXGroup;
			children = (
				7B75CFDE25E3CBEC001981CA /* Taxi_and_food.xcdatamodeld */,
				7B26145E25DAD9BC00E2B779 /* AuthModuleUIData.swift */,
				7B75CF2F25DD661A001981CA /* TarifModuleData.swift */,
				7B75CF9925E038F4001981CA /* MapViewControllerUIData.swift */,
				7B75D02725E512EE001981CA /* PromocodeModuleTexts.swift */,
				7B75CF3425DD6628001981CA /* Names.swift */,
				7B75CED525DAE065001981CA /* ConfirmAuthModuleUIData.swift */,
				7B75CEDD25DAE2E3001981CA /* NetworkRequestData.swift */,
				7BCBCB9025D94EC200C43CF6 /* GeneralUISettings.swift */,
				7B75CF8A25E00B9B001981CA /* MainBottomButtonUIData.swift */,
				7B75D04625E52979001981CA /* TextEnterViewUIData.swift */,
				0465F53D25DBDD22008CA6D0 /* PhotosViewControllerUIData.swift */,
				0465F54125DBDD67008CA6D0 /* ServiceViewControllerUIData.swift */,
				0465F53F25DBDD49008CA6D0 /* SentViewControllerUIData.swift */,
			);
			path = Data;
			sourceTree = "<group>";
		};
		7B2B99E925D8417B008B6CD9 /* Model */ = {
			isa = PBXGroup;
			children = (
				7B2B99E425D83F10008B6CD9 /* AuthModel.swift */,
			);
			path = Model;
			sourceTree = "<group>";
		};
		7B2B99F525D84399008B6CD9 /* Interactor */ = {
			isa = PBXGroup;
			children = (
				7B2B99ED25D8419B008B6CD9 /* ConfirmAuthInteractor.swift */,
			);
			path = Interactor;
			sourceTree = "<group>";
		};
		7B47C81E25DD299F00F366FE /* Tariffs Module */ = {
			isa = PBXGroup;
			children = (
				7B75CF4C25DD716B001981CA /* Interactor */,
				7B47C83425DD3E1E00F366FE /* View */,
				7B75CF5525DD71F4001981CA /* Model */,
				7B47C81F25DD2A4C00F366FE /* Tarifs.storyboard */,
			);
			path = "Tariffs Module";
			sourceTree = "<group>";
		};
		7B47C83425DD3E1E00F366FE /* View */ = {
			isa = PBXGroup;
			children = (
				7B47C84225DD448A00F366FE /* AdvantageCollectionViewCell.swift */,
				7B47C84A25DD478D00F366FE /* TariffViewController.swift */,
				7B47C85425DE470500F366FE /* TariffsPageViewController.swift */,
			);
			path = View;
			sourceTree = "<group>";
		};
		7B75CEE525DAE6E4001981CA /* CustomUI */ = {
			isa = PBXGroup;
			children = (
				7B75CEE625DAE72C001981CA /* MainBottomButton.swift */,
				7B75D02C25E51C18001981CA /* TextEnterView.swift */,
				7B75CFA425E03D5A001981CA /* MapBottomView.swift */,
				7B47C87625E1458900F366FE /* MenuView.swift */,
				7B75CF9425E03861001981CA /* MapRoundButton.swift */,
				7B47C86125DE9A0300F366FE /* TariffTitleButton.swift */,
				7B75CF0E25DC3FA6001981CA /* UploadImageView.swift */,
				7B47C87B25E147E700F366FE /* CloseMenuButton.swift */,
				7B75CF0125DC3B58001981CA /* ServiceRoundAddButton.swift */,
				7B75CEF325DB0AC1001981CA /* DigitTextField.swift */,
				7B75CF3C25DD6CFE001981CA /* TopAlignLabel.swift */,
				7B75CF1325DC4C53001981CA /* ProblemTextView.swift */,
			);
			path = CustomUI;
			sourceTree = "<group>";
		};
		7B75CF4C25DD716B001981CA /* Interactor */ = {
			isa = PBXGroup;
			children = (
				7B75CF4125DD707B001981CA /* TariffInteractor.swift */,
				7B47C85C25DE478400F366FE /* TariffsPageInteractor.swift */,
			);
			path = Interactor;
			sourceTree = "<group>";
		};
		7B75CF5525DD71F4001981CA /* Model */ = {
			isa = PBXGroup;
			children = (
				7B75CF5025DD71E1001981CA /* TarifResponse.swift */,
			);
			path = Model;
			sourceTree = "<group>";
		};
		7B75CFB125E16EB4001981CA /* Interactor */ = {
			isa = PBXGroup;
			children = (
				7B75CFAC25E16EA9001981CA /* MapInteractor.swift */,
			);
			path = Interactor;
			sourceTree = "<group>";
		};
		7B75CFCE25E17B19001981CA /* Model */ = {
			isa = PBXGroup;
			children = (
				7B75CFC925E17AF7001981CA /* MapMenuDataModel.swift */,
			);
			path = Model;
			sourceTree = "<group>";
		};
		7B75CFEC25E3FE88001981CA /* PersistanceService */ = {
			isa = PBXGroup;
			children = (
				7B75CFE725E3FE80001981CA /* PersistanceStoreManager.swift */,
			);
			path = PersistanceService;
			sourceTree = "<group>";
		};
		7B75D01A25E50BB9001981CA /* PromocodeModule */ = {
			isa = PBXGroup;
			children = (
				7B75D01525E50B99001981CA /* Promocode.storyboard */,
				7B0C991025E55B9000530932 /* PromocodeResponse.swift */,
				7B0C990C25E5596200530932 /* Interactor */,
				7B75D02325E51073001981CA /* View */,
			);
			path = PromocodeModule;
			sourceTree = "<group>";
		};
		7B75D02325E51073001981CA /* View */ = {
			isa = PBXGroup;
			children = (
				7B75D01E25E5105A001981CA /* PromocodeViewController.swift */,
				7B75D03925E51D0E001981CA /* PromocodeEnterViewController.swift */,
			);
			path = View;
			sourceTree = "<group>";
		};
		7B8465FE25D8397900B09D98 /* Map module */ = {
			isa = PBXGroup;
			children = (
				7B75CFB125E16EB4001981CA /* Interactor */,
				7B8465FF25D8398D00B09D98 /* View */,
				7B75CFCE25E17B19001981CA /* Model */,
			);
			path = "Map module";
			sourceTree = "<group>";
		};
		7B8465FF25D8398D00B09D98 /* View */ = {
			isa = PBXGroup;
			children = (
				7BFFA68225D67F0300C35652 /* MapViewController.swift */,
				7B75CFC425E175E8001981CA /* MapMenuViewCell.swift */,
			);
			path = View;
			sourceTree = "<group>";
		};
		7B84660325D839BB00B09D98 /* Start Group */ = {
			isa = PBXGroup;
			children = (
				7BFFA70F25DBCC9200C35652 /* AuthAndMap.storyboard */,
				04B5654525D659D800E0EC25 /* Auth module */,
				7BCBCB7925D9445900C43CF6 /* Confirm Module */,
				7B8465FE25D8397900B09D98 /* Map module */,
			);
			path = "Start Group";
			sourceTree = "<group>";
		};
		7BCBCB7925D9445900C43CF6 /* Confirm Module */ = {
			isa = PBXGroup;
			children = (
				7BCBCB8025D9448B00C43CF6 /* View */,
				7B2B99F525D84399008B6CD9 /* Interactor */,
				7B2B99E925D8417B008B6CD9 /* Model */,
			);
			path = "Confirm Module";
			sourceTree = "<group>";
		};
		7BCBCB8025D9448B00C43CF6 /* View */ = {
			isa = PBXGroup;
			children = (
				04B5654A25D65A5400E0EC25 /* ConfirmAuthViewController.swift */,
			);
			path = View;
			sourceTree = "<group>";
		};
		7BCBCB8625D9454A00C43CF6 /* Interactor */ = {
			isa = PBXGroup;
			children = (
				7BCBCB8125D9452B00C43CF6 /* AuthInteractor.swift */,
			);
			path = Interactor;
			sourceTree = "<group>";
		};
/* End PBXGroup section */

/* Begin PBXNativeTarget section */
		04B5650D25D6591200E0EC25 /* Taxi and food */ = {
			isa = PBXNativeTarget;
			buildConfigurationList = 04B5653B25D6591800E0EC25 /* Build configuration list for PBXNativeTarget "Taxi and food" */;
			buildPhases = (
				04B5650A25D6591200E0EC25 /* Sources */,
				04B5650B25D6591200E0EC25 /* Frameworks */,
				04B5650C25D6591200E0EC25 /* Resources */,
			);
			buildRules = (
			);
			dependencies = (
			);
			name = "Taxi and food";
			productName = "Taxi and food";
			productReference = 04B5650E25D6591200E0EC25 /* Taxi and food.app */;
			productType = "com.apple.product-type.application";
		};
		04B5652625D6591700E0EC25 /* Taxi and foodTests */ = {
			isa = PBXNativeTarget;
			buildConfigurationList = 04B5653E25D6591800E0EC25 /* Build configuration list for PBXNativeTarget "Taxi and foodTests" */;
			buildPhases = (
				04B5652325D6591700E0EC25 /* Sources */,
				04B5652425D6591700E0EC25 /* Frameworks */,
				04B5652525D6591700E0EC25 /* Resources */,
			);
			buildRules = (
			);
			dependencies = (
				04B5652925D6591700E0EC25 /* PBXTargetDependency */,
			);
			name = "Taxi and foodTests";
			productName = "Taxi and foodTests";
			productReference = 04B5652725D6591700E0EC25 /* Taxi and foodTests.xctest */;
			productType = "com.apple.product-type.bundle.unit-test";
		};
		04B5653125D6591800E0EC25 /* Taxi and foodUITests */ = {
			isa = PBXNativeTarget;
			buildConfigurationList = 04B5654125D6591800E0EC25 /* Build configuration list for PBXNativeTarget "Taxi and foodUITests" */;
			buildPhases = (
				04B5652E25D6591800E0EC25 /* Sources */,
				04B5652F25D6591800E0EC25 /* Frameworks */,
				04B5653025D6591800E0EC25 /* Resources */,
			);
			buildRules = (
			);
			dependencies = (
				04B5653425D6591800E0EC25 /* PBXTargetDependency */,
			);
			name = "Taxi and foodUITests";
			productName = "Taxi and foodUITests";
			productReference = 04B5653225D6591800E0EC25 /* Taxi and foodUITests.xctest */;
			productType = "com.apple.product-type.bundle.ui-testing";
		};
/* End PBXNativeTarget section */

/* Begin PBXProject section */
		04B5650625D6591200E0EC25 /* Project object */ = {
			isa = PBXProject;
			attributes = {
				LastSwiftUpdateCheck = 1130;
				LastUpgradeCheck = 1240;
				ORGANIZATIONNAME = kisamosina;
				TargetAttributes = {
					04B5650D25D6591200E0EC25 = {
						CreatedOnToolsVersion = 11.3.1;
					};
					04B5652625D6591700E0EC25 = {
						CreatedOnToolsVersion = 11.3.1;
						TestTargetID = 04B5650D25D6591200E0EC25;
					};
					04B5653125D6591800E0EC25 = {
						CreatedOnToolsVersion = 11.3.1;
						TestTargetID = 04B5650D25D6591200E0EC25;
					};
				};
			};
			buildConfigurationList = 04B5650925D6591200E0EC25 /* Build configuration list for PBXProject "Taxi and food" */;
			compatibilityVersion = "Xcode 9.3";
			developmentRegion = en;
			hasScannedForEncodings = 0;
			knownRegions = (
				en,
				Base,
			);
			mainGroup = 04B5650525D6591200E0EC25;
			productRefGroup = 04B5650F25D6591200E0EC25 /* Products */;
			projectDirPath = "";
			projectRoot = "";
			targets = (
				04B5650D25D6591200E0EC25 /* Taxi and food */,
				04B5652625D6591700E0EC25 /* Taxi and foodTests */,
				04B5653125D6591800E0EC25 /* Taxi and foodUITests */,
			);
		};
/* End PBXProject section */

/* Begin PBXResourcesBuildPhase section */
		04B5650C25D6591200E0EC25 /* Resources */ = {
			isa = PBXResourcesBuildPhase;
			buildActionMask = 2147483647;
			files = (
				04B5652125D6591700E0EC25 /* LaunchScreen.storyboard in Resources */,
				7B47C82025DD2A4C00F366FE /* Tarifs.storyboard in Resources */,
				04B5651E25D6591700E0EC25 /* Assets.xcassets in Resources */,
				04FFA9E525D91DCB0066032E /* Service.storyboard in Resources */,
				7BFFA71025DBCC9200C35652 /* AuthAndMap.storyboard in Resources */,
				7B75D01625E50B99001981CA /* Promocode.storyboard in Resources */,
			);
			runOnlyForDeploymentPostprocessing = 0;
		};
		04B5652525D6591700E0EC25 /* Resources */ = {
			isa = PBXResourcesBuildPhase;
			buildActionMask = 2147483647;
			files = (
			);
			runOnlyForDeploymentPostprocessing = 0;
		};
		04B5653025D6591800E0EC25 /* Resources */ = {
			isa = PBXResourcesBuildPhase;
			buildActionMask = 2147483647;
			files = (
			);
			runOnlyForDeploymentPostprocessing = 0;
		};
/* End PBXResourcesBuildPhase section */

/* Begin PBXSourcesBuildPhase section */
		04B5650A25D6591200E0EC25 /* Sources */ = {
			isa = PBXSourcesBuildPhase;
			buildActionMask = 2147483647;
			files = (
				7BCBCB9625D94F4100C43CF6 /* UIColor+Extension.swift in Sources */,
				7B75CFA525E03D5A001981CA /* MapBottomView.swift in Sources */,
				7B0C990825E5595B00530932 /* PromocodeEnterInteractor.swift in Sources */,
				7B47C87C25E147E700F366FE /* CloseMenuButton.swift in Sources */,
				7B47C84B25DD478D00F366FE /* TariffViewController.swift in Sources */,
				0465F51425DA30CD008CA6D0 /* AlertController.swift in Sources */,
				04B5655825D65B6D00E0EC25 /* UIViewController+Extension.swift in Sources */,
				7B75D04C25E52EF1001981CA /* UIStackView+Extension.swift in Sources */,
				7B75CF6325DD7DD3001981CA /* UIImageView+Extension.swift in Sources */,
				7B47C85D25DE478400F366FE /* TariffsPageInteractor.swift in Sources */,
				04B5656D25D68EA800E0EC25 /* PhotosViewController.swift in Sources */,
				7B75CF0225DC3B58001981CA /* ServiceRoundAddButton.swift in Sources */,
				7B75CFCA25E17AF7001981CA /* MapMenuDataModel.swift in Sources */,
				0465F54225DBDD67008CA6D0 /* ServiceViewControllerUIData.swift in Sources */,
				04B5654925D65A2600E0EC25 /* AuthViewController.swift in Sources */,
				04B5654B25D65A5400E0EC25 /* ConfirmAuthViewController.swift in Sources */,
				7B75CFE825E3FE80001981CA /* PersistanceStoreManager.swift in Sources */,
				7B0C991125E55B9000530932 /* PromocodeResponse.swift in Sources */,
				7B2B99EE25D8419B008B6CD9 /* ConfirmAuthInteractor.swift in Sources */,
				7B75CF3025DD661A001981CA /* TarifModuleData.swift in Sources */,
				7B75CF9A25E038F4001981CA /* MapViewControllerUIData.swift in Sources */,
				7B75CEE725DAE72C001981CA /* MainBottomButton.swift in Sources */,
				7B47C85525DE470500F366FE /* TariffsPageViewController.swift in Sources */,
				04B5651225D6591200E0EC25 /* AppDelegate.swift in Sources */,
				7B75D03A25E51D0E001981CA /* PromocodeEnterViewController.swift in Sources */,
				7B47C84325DD448A00F366FE /* AdvantageCollectionViewCell.swift in Sources */,
				7B47C86225DE9A0300F366FE /* TariffTitleButton.swift in Sources */,
				7B75CEEF25DAF622001981CA /* String+Extension.swift in Sources */,
				7B75CF0F25DC3FA6001981CA /* UploadImageView.swift in Sources */,
				7B75D01F25E5105A001981CA /* PromocodeViewController.swift in Sources */,
				7BCBCB8225D9452B00C43CF6 /* AuthInteractor.swift in Sources */,
				7B2B99DD25D83A39008B6CD9 /* UserAgreementViewController.swift in Sources */,
				7B26145F25DAD9BC00E2B779 /* AuthModuleUIData.swift in Sources */,
				0465F51625DA39BA008CA6D0 /* PhotosInteractor.swift in Sources */,
				04B5655125D65AF200E0EC25 /* NetworkService.swift in Sources */,
				7B75CF9025E01CFD001981CA /* ServerError.swift in Sources */,
				7BFFA67025D66FAC00C35652 /* UITapGestureRecognizer+Extension.swift in Sources */,
				7B75D04725E52979001981CA /* TextEnterViewUIData.swift in Sources */,
				7BFFA66125D66F8300C35652 /* PhoneFormatter.swift in Sources */,
				7B75D02825E512EE001981CA /* PromocodeModuleTexts.swift in Sources */,
				0465F53E25DBDD22008CA6D0 /* PhotosViewControllerUIData.swift in Sources */,
				7B75CEF425DB0AC1001981CA /* DigitTextField.swift in Sources */,
				7BFFA68325D67F0300C35652 /* MapViewController.swift in Sources */,
				7B75CF1425DC4C53001981CA /* ProblemTextView.swift in Sources */,
				7B75CFB725E17219001981CA /* TableViewDataSourceAndDelegate.swift in Sources */,
				04B5655625D65B4D00E0EC25 /* UITextField+Extension.swift in Sources */,
				7BFFA66625D66F9500C35652 /* UILabel+Extension.swift in Sources */,
				7B75CF3525DD6628001981CA /* Names.swift in Sources */,
				7B75CED625DAE065001981CA /* ConfirmAuthModuleUIData.swift in Sources */,
				7B75D02D25E51C18001981CA /* TextEnterView.swift in Sources */,
				7B75CFE025E3CBEC001981CA /* Taxi_and_food.xcdatamodeld in Sources */,
				7B75CFC525E175E8001981CA /* MapMenuViewCell.swift in Sources */,
				7BCBCB9125D94EC200C43CF6 /* GeneralUISettings.swift in Sources */,
				7B75CEDE25DAE2E3001981CA /* NetworkRequestData.swift in Sources */,
				7B2B99E525D83F10008B6CD9 /* AuthModel.swift in Sources */,
				7B26145425DAD53F00E2B779 /* Userdefaults+Extension.swift in Sources */,
				7B75CF5125DD71E1001981CA /* TarifResponse.swift in Sources */,
				7B75CF3D25DD6CFE001981CA /* TopAlignLabel.swift in Sources */,
				04B5651425D6591200E0EC25 /* SceneDelegate.swift in Sources */,
				04B5656F25D8D6C700E0EC25 /* PhotosCell.swift in Sources */,
				7B75CFAD25E16EA9001981CA /* MapInteractor.swift in Sources */,
				7B75CF9525E03861001981CA /* MapRoundButton.swift in Sources */,
				7B75CF4225DD707B001981CA /* TariffInteractor.swift in Sources */,
				0465F51A25DA561D008CA6D0 /* SentViewController.swift in Sources */,
				7B47C87725E1458900F366FE /* MenuView.swift in Sources */,
				04B5655325D65B1D00E0EC25 /* Resource.swift in Sources */,
				7B75CF8B25E00B9B001981CA /* MainBottomButtonUIData.swift in Sources */,
				0465F54025DBDD49008CA6D0 /* SentViewControllerUIData.swift in Sources */,
				04B5656B25D6824400E0EC25 /* ServiceViewController.swift in Sources */,
			);
			runOnlyForDeploymentPostprocessing = 0;
		};
		04B5652325D6591700E0EC25 /* Sources */ = {
			isa = PBXSourcesBuildPhase;
			buildActionMask = 2147483647;
			files = (
				04B5652C25D6591800E0EC25 /* Taxi_and_foodTests.swift in Sources */,
			);
			runOnlyForDeploymentPostprocessing = 0;
		};
		04B5652E25D6591800E0EC25 /* Sources */ = {
			isa = PBXSourcesBuildPhase;
			buildActionMask = 2147483647;
			files = (
				04B5653725D6591800E0EC25 /* Taxi_and_foodUITests.swift in Sources */,
			);
			runOnlyForDeploymentPostprocessing = 0;
		};
/* End PBXSourcesBuildPhase section */

/* Begin PBXTargetDependency section */
		04B5652925D6591700E0EC25 /* PBXTargetDependency */ = {
			isa = PBXTargetDependency;
			target = 04B5650D25D6591200E0EC25 /* Taxi and food */;
			targetProxy = 04B5652825D6591700E0EC25 /* PBXContainerItemProxy */;
		};
		04B5653425D6591800E0EC25 /* PBXTargetDependency */ = {
			isa = PBXTargetDependency;
			target = 04B5650D25D6591200E0EC25 /* Taxi and food */;
			targetProxy = 04B5653325D6591800E0EC25 /* PBXContainerItemProxy */;
		};
/* End PBXTargetDependency section */

/* Begin PBXVariantGroup section */
		04B5651F25D6591700E0EC25 /* LaunchScreen.storyboard */ = {
			isa = PBXVariantGroup;
			children = (
				04B5652025D6591700E0EC25 /* Base */,
			);
			name = LaunchScreen.storyboard;
			sourceTree = "<group>";
		};
/* End PBXVariantGroup section */

/* Begin XCBuildConfiguration section */
		04B5653925D6591800E0EC25 /* Debug */ = {
			isa = XCBuildConfiguration;
			buildSettings = {
				ALWAYS_SEARCH_USER_PATHS = NO;
				CLANG_ANALYZER_NONNULL = YES;
				CLANG_ANALYZER_NUMBER_OBJECT_CONVERSION = YES_AGGRESSIVE;
				CLANG_CXX_LANGUAGE_STANDARD = "gnu++14";
				CLANG_CXX_LIBRARY = "libc++";
				CLANG_ENABLE_MODULES = YES;
				CLANG_ENABLE_OBJC_ARC = YES;
				CLANG_ENABLE_OBJC_WEAK = YES;
				CLANG_WARN_BLOCK_CAPTURE_AUTORELEASING = YES;
				CLANG_WARN_BOOL_CONVERSION = YES;
				CLANG_WARN_COMMA = YES;
				CLANG_WARN_CONSTANT_CONVERSION = YES;
				CLANG_WARN_DEPRECATED_OBJC_IMPLEMENTATIONS = YES;
				CLANG_WARN_DIRECT_OBJC_ISA_USAGE = YES_ERROR;
				CLANG_WARN_DOCUMENTATION_COMMENTS = YES;
				CLANG_WARN_EMPTY_BODY = YES;
				CLANG_WARN_ENUM_CONVERSION = YES;
				CLANG_WARN_INFINITE_RECURSION = YES;
				CLANG_WARN_INT_CONVERSION = YES;
				CLANG_WARN_NON_LITERAL_NULL_CONVERSION = YES;
				CLANG_WARN_OBJC_IMPLICIT_RETAIN_SELF = YES;
				CLANG_WARN_OBJC_LITERAL_CONVERSION = YES;
				CLANG_WARN_OBJC_ROOT_CLASS = YES_ERROR;
				CLANG_WARN_QUOTED_INCLUDE_IN_FRAMEWORK_HEADER = YES;
				CLANG_WARN_RANGE_LOOP_ANALYSIS = YES;
				CLANG_WARN_STRICT_PROTOTYPES = YES;
				CLANG_WARN_SUSPICIOUS_MOVE = YES;
				CLANG_WARN_UNGUARDED_AVAILABILITY = YES_AGGRESSIVE;
				CLANG_WARN_UNREACHABLE_CODE = YES;
				CLANG_WARN__DUPLICATE_METHOD_MATCH = YES;
				COPY_PHASE_STRIP = NO;
				DEBUG_INFORMATION_FORMAT = dwarf;
				ENABLE_STRICT_OBJC_MSGSEND = YES;
				ENABLE_TESTABILITY = YES;
				GCC_C_LANGUAGE_STANDARD = gnu11;
				GCC_DYNAMIC_NO_PIC = NO;
				GCC_NO_COMMON_BLOCKS = YES;
				GCC_OPTIMIZATION_LEVEL = 0;
				GCC_PREPROCESSOR_DEFINITIONS = (
					"DEBUG=1",
					"$(inherited)",
				);
				GCC_WARN_64_TO_32_BIT_CONVERSION = YES;
				GCC_WARN_ABOUT_RETURN_TYPE = YES_ERROR;
				GCC_WARN_UNDECLARED_SELECTOR = YES;
				GCC_WARN_UNINITIALIZED_AUTOS = YES_AGGRESSIVE;
				GCC_WARN_UNUSED_FUNCTION = YES;
				GCC_WARN_UNUSED_VARIABLE = YES;
				IPHONEOS_DEPLOYMENT_TARGET = 13.2;
				MTL_ENABLE_DEBUG_INFO = INCLUDE_SOURCE;
				MTL_FAST_MATH = YES;
				ONLY_ACTIVE_ARCH = YES;
				SDKROOT = iphoneos;
				SWIFT_ACTIVE_COMPILATION_CONDITIONS = DEBUG;
				SWIFT_OPTIMIZATION_LEVEL = "-Onone";
			};
			name = Debug;
		};
		04B5653A25D6591800E0EC25 /* Release */ = {
			isa = XCBuildConfiguration;
			buildSettings = {
				ALWAYS_SEARCH_USER_PATHS = NO;
				CLANG_ANALYZER_NONNULL = YES;
				CLANG_ANALYZER_NUMBER_OBJECT_CONVERSION = YES_AGGRESSIVE;
				CLANG_CXX_LANGUAGE_STANDARD = "gnu++14";
				CLANG_CXX_LIBRARY = "libc++";
				CLANG_ENABLE_MODULES = YES;
				CLANG_ENABLE_OBJC_ARC = YES;
				CLANG_ENABLE_OBJC_WEAK = YES;
				CLANG_WARN_BLOCK_CAPTURE_AUTORELEASING = YES;
				CLANG_WARN_BOOL_CONVERSION = YES;
				CLANG_WARN_COMMA = YES;
				CLANG_WARN_CONSTANT_CONVERSION = YES;
				CLANG_WARN_DEPRECATED_OBJC_IMPLEMENTATIONS = YES;
				CLANG_WARN_DIRECT_OBJC_ISA_USAGE = YES_ERROR;
				CLANG_WARN_DOCUMENTATION_COMMENTS = YES;
				CLANG_WARN_EMPTY_BODY = YES;
				CLANG_WARN_ENUM_CONVERSION = YES;
				CLANG_WARN_INFINITE_RECURSION = YES;
				CLANG_WARN_INT_CONVERSION = YES;
				CLANG_WARN_NON_LITERAL_NULL_CONVERSION = YES;
				CLANG_WARN_OBJC_IMPLICIT_RETAIN_SELF = YES;
				CLANG_WARN_OBJC_LITERAL_CONVERSION = YES;
				CLANG_WARN_OBJC_ROOT_CLASS = YES_ERROR;
				CLANG_WARN_QUOTED_INCLUDE_IN_FRAMEWORK_HEADER = YES;
				CLANG_WARN_RANGE_LOOP_ANALYSIS = YES;
				CLANG_WARN_STRICT_PROTOTYPES = YES;
				CLANG_WARN_SUSPICIOUS_MOVE = YES;
				CLANG_WARN_UNGUARDED_AVAILABILITY = YES_AGGRESSIVE;
				CLANG_WARN_UNREACHABLE_CODE = YES;
				CLANG_WARN__DUPLICATE_METHOD_MATCH = YES;
				COPY_PHASE_STRIP = NO;
				DEBUG_INFORMATION_FORMAT = "dwarf-with-dsym";
				ENABLE_NS_ASSERTIONS = NO;
				ENABLE_STRICT_OBJC_MSGSEND = YES;
				GCC_C_LANGUAGE_STANDARD = gnu11;
				GCC_NO_COMMON_BLOCKS = YES;
				GCC_WARN_64_TO_32_BIT_CONVERSION = YES;
				GCC_WARN_ABOUT_RETURN_TYPE = YES_ERROR;
				GCC_WARN_UNDECLARED_SELECTOR = YES;
				GCC_WARN_UNINITIALIZED_AUTOS = YES_AGGRESSIVE;
				GCC_WARN_UNUSED_FUNCTION = YES;
				GCC_WARN_UNUSED_VARIABLE = YES;
				IPHONEOS_DEPLOYMENT_TARGET = 13.2;
				MTL_ENABLE_DEBUG_INFO = NO;
				MTL_FAST_MATH = YES;
				SDKROOT = iphoneos;
				SWIFT_COMPILATION_MODE = wholemodule;
				SWIFT_OPTIMIZATION_LEVEL = "-O";
				VALIDATE_PRODUCT = YES;
			};
			name = Release;
		};
		04B5653C25D6591800E0EC25 /* Debug */ = {
			isa = XCBuildConfiguration;
			buildSettings = {
				ASSETCATALOG_COMPILER_APPICON_NAME = AppIcon;
				CODE_SIGN_STYLE = Automatic;
				INFOPLIST_FILE = "Taxi and food/Info.plist";
				LD_RUNPATH_SEARCH_PATHS = (
					"$(inherited)",
					"@executable_path/Frameworks",
				);
				PRODUCT_BUNDLE_IDENTIFIER = "com.kisamosina.Taxi-and-food";
				PRODUCT_NAME = "$(TARGET_NAME)";
				SWIFT_VERSION = 5.0;
				TARGETED_DEVICE_FAMILY = "1,2";
			};
			name = Debug;
		};
		04B5653D25D6591800E0EC25 /* Release */ = {
			isa = XCBuildConfiguration;
			buildSettings = {
				ASSETCATALOG_COMPILER_APPICON_NAME = AppIcon;
				CODE_SIGN_STYLE = Automatic;
				INFOPLIST_FILE = "Taxi and food/Info.plist";
				LD_RUNPATH_SEARCH_PATHS = (
					"$(inherited)",
					"@executable_path/Frameworks",
				);
				PRODUCT_BUNDLE_IDENTIFIER = "com.kisamosina.Taxi-and-food";
				PRODUCT_NAME = "$(TARGET_NAME)";
				SWIFT_VERSION = 5.0;
				TARGETED_DEVICE_FAMILY = "1,2";
			};
			name = Release;
		};
		04B5653F25D6591800E0EC25 /* Debug */ = {
			isa = XCBuildConfiguration;
			buildSettings = {
				ALWAYS_EMBED_SWIFT_STANDARD_LIBRARIES = YES;
				BUNDLE_LOADER = "$(TEST_HOST)";
				CODE_SIGN_STYLE = Automatic;
				INFOPLIST_FILE = "Taxi and foodTests/Info.plist";
				IPHONEOS_DEPLOYMENT_TARGET = 13.2;
				LD_RUNPATH_SEARCH_PATHS = (
					"$(inherited)",
					"@executable_path/Frameworks",
					"@loader_path/Frameworks",
				);
				PRODUCT_BUNDLE_IDENTIFIER = "com.kisamosina.Taxi-and-foodTests";
				PRODUCT_NAME = "$(TARGET_NAME)";
				SWIFT_VERSION = 5.0;
				TARGETED_DEVICE_FAMILY = "1,2";
				TEST_HOST = "$(BUILT_PRODUCTS_DIR)/Taxi and food.app/Taxi and food";
			};
			name = Debug;
		};
		04B5654025D6591800E0EC25 /* Release */ = {
			isa = XCBuildConfiguration;
			buildSettings = {
				ALWAYS_EMBED_SWIFT_STANDARD_LIBRARIES = YES;
				BUNDLE_LOADER = "$(TEST_HOST)";
				CODE_SIGN_STYLE = Automatic;
				INFOPLIST_FILE = "Taxi and foodTests/Info.plist";
				IPHONEOS_DEPLOYMENT_TARGET = 13.2;
				LD_RUNPATH_SEARCH_PATHS = (
					"$(inherited)",
					"@executable_path/Frameworks",
					"@loader_path/Frameworks",
				);
				PRODUCT_BUNDLE_IDENTIFIER = "com.kisamosina.Taxi-and-foodTests";
				PRODUCT_NAME = "$(TARGET_NAME)";
				SWIFT_VERSION = 5.0;
				TARGETED_DEVICE_FAMILY = "1,2";
				TEST_HOST = "$(BUILT_PRODUCTS_DIR)/Taxi and food.app/Taxi and food";
			};
			name = Release;
		};
		04B5654225D6591800E0EC25 /* Debug */ = {
			isa = XCBuildConfiguration;
			buildSettings = {
				ALWAYS_EMBED_SWIFT_STANDARD_LIBRARIES = YES;
				CODE_SIGN_STYLE = Automatic;
				INFOPLIST_FILE = "Taxi and foodUITests/Info.plist";
				LD_RUNPATH_SEARCH_PATHS = (
					"$(inherited)",
					"@executable_path/Frameworks",
					"@loader_path/Frameworks",
				);
				PRODUCT_BUNDLE_IDENTIFIER = "com.kisamosina.Taxi-and-foodUITests";
				PRODUCT_NAME = "$(TARGET_NAME)";
				SWIFT_VERSION = 5.0;
				TARGETED_DEVICE_FAMILY = "1,2";
				TEST_TARGET_NAME = "Taxi and food";
			};
			name = Debug;
		};
		04B5654325D6591800E0EC25 /* Release */ = {
			isa = XCBuildConfiguration;
			buildSettings = {
				ALWAYS_EMBED_SWIFT_STANDARD_LIBRARIES = YES;
				CODE_SIGN_STYLE = Automatic;
				INFOPLIST_FILE = "Taxi and foodUITests/Info.plist";
				LD_RUNPATH_SEARCH_PATHS = (
					"$(inherited)",
					"@executable_path/Frameworks",
					"@loader_path/Frameworks",
				);
				PRODUCT_BUNDLE_IDENTIFIER = "com.kisamosina.Taxi-and-foodUITests";
				PRODUCT_NAME = "$(TARGET_NAME)";
				SWIFT_VERSION = 5.0;
				TARGETED_DEVICE_FAMILY = "1,2";
				TEST_TARGET_NAME = "Taxi and food";
			};
			name = Release;
		};
/* End XCBuildConfiguration section */

/* Begin XCConfigurationList section */
		04B5650925D6591200E0EC25 /* Build configuration list for PBXProject "Taxi and food" */ = {
			isa = XCConfigurationList;
			buildConfigurations = (
				04B5653925D6591800E0EC25 /* Debug */,
				04B5653A25D6591800E0EC25 /* Release */,
			);
			defaultConfigurationIsVisible = 0;
			defaultConfigurationName = Release;
		};
		04B5653B25D6591800E0EC25 /* Build configuration list for PBXNativeTarget "Taxi and food" */ = {
			isa = XCConfigurationList;
			buildConfigurations = (
				04B5653C25D6591800E0EC25 /* Debug */,
				04B5653D25D6591800E0EC25 /* Release */,
			);
			defaultConfigurationIsVisible = 0;
			defaultConfigurationName = Release;
		};
		04B5653E25D6591800E0EC25 /* Build configuration list for PBXNativeTarget "Taxi and foodTests" */ = {
			isa = XCConfigurationList;
			buildConfigurations = (
				04B5653F25D6591800E0EC25 /* Debug */,
				04B5654025D6591800E0EC25 /* Release */,
			);
			defaultConfigurationIsVisible = 0;
			defaultConfigurationName = Release;
		};
		04B5654125D6591800E0EC25 /* Build configuration list for PBXNativeTarget "Taxi and foodUITests" */ = {
			isa = XCConfigurationList;
			buildConfigurations = (
				04B5654225D6591800E0EC25 /* Debug */,
				04B5654325D6591800E0EC25 /* Release */,
			);
			defaultConfigurationIsVisible = 0;
			defaultConfigurationName = Release;
		};
/* End XCConfigurationList section */

/* Begin XCVersionGroup section */
		7B75CFDE25E3CBEC001981CA /* Taxi_and_food.xcdatamodeld */ = {
			isa = XCVersionGroup;
			children = (
				7B75CFDF25E3CBEC001981CA /* Taxi_and_food.xcdatamodel */,
			);
			currentVersion = 7B75CFDF25E3CBEC001981CA /* Taxi_and_food.xcdatamodel */;
			path = Taxi_and_food.xcdatamodeld;
			sourceTree = "<group>";
			versionGroupType = wrapper.xcdatamodel;
		};
/* End XCVersionGroup section */
	};
	rootObject = 04B5650625D6591200E0EC25 /* Project object */;
}
