// !$*UTF8*$!
{
	archiveVersion = 1;
	classes = {
	};
	objectVersion = 50;
	objects = {

/* Begin PBXBuildFile section */
		0414313C25F727C50074D86C /* AppleMapViewController.swift in Sources */ = {isa = PBXBuildFile; fileRef = 0414313B25F727C50074D86C /* AppleMapViewController.swift */; };
		0414314125F86DF90074D86C /* AddressInteractor.swift in Sources */ = {isa = PBXBuildFile; fileRef = 0414314025F86DF80074D86C /* AddressInteractor.swift */; };
		0414314425F870680074D86C /* AddressModel.swift in Sources */ = {isa = PBXBuildFile; fileRef = 0414314325F870680074D86C /* AddressModel.swift */; };
		041E298225DE1F8A00CA9F56 /* SettingsViewController.swift in Sources */ = {isa = PBXBuildFile; fileRef = 041E298125DE1F8A00CA9F56 /* SettingsViewController.swift */; };
		041E298425DE1FA700CA9F56 /* SettingsInteractor.swift in Sources */ = {isa = PBXBuildFile; fileRef = 041E298325DE1FA700CA9F56 /* SettingsInteractor.swift */; };
		041E298625DE226400CA9F56 /* SettingsModuleUIData.swift in Sources */ = {isa = PBXBuildFile; fileRef = 041E298525DE226400CA9F56 /* SettingsModuleUIData.swift */; };
		041E298825DE2ADC00CA9F56 /* SettingsStaticCell.swift in Sources */ = {isa = PBXBuildFile; fileRef = 041E298725DE2ADC00CA9F56 /* SettingsStaticCell.swift */; };
		041E298A25DE36B500CA9F56 /* SettingsOption.swift in Sources */ = {isa = PBXBuildFile; fileRef = 041E298925DE36B500CA9F56 /* SettingsOption.swift */; };
		041E298C25DF5F5B00CA9F56 /* SettingsSwitchCell.swift in Sources */ = {isa = PBXBuildFile; fileRef = 041E298B25DF5F5B00CA9F56 /* SettingsSwitchCell.swift */; };
		041E298E25DF6DB900CA9F56 /* LanguageViewController.swift in Sources */ = {isa = PBXBuildFile; fileRef = 041E298D25DF6DB900CA9F56 /* LanguageViewController.swift */; };
		041E299025DF6F9900CA9F56 /* LanguageCell.swift in Sources */ = {isa = PBXBuildFile; fileRef = 041E298F25DF6F9900CA9F56 /* LanguageCell.swift */; };
		041E299225DF796000CA9F56 /* LanguageOption.swift in Sources */ = {isa = PBXBuildFile; fileRef = 041E299125DF796000CA9F56 /* LanguageOption.swift */; };
		041E299925E20E6400CA9F56 /* PersonalData.storyboard in Resources */ = {isa = PBXBuildFile; fileRef = 041E299825E20E6400CA9F56 /* PersonalData.storyboard */; };
		041E299B25E20ED700CA9F56 /* PersonalDataViewController.swift in Sources */ = {isa = PBXBuildFile; fileRef = 041E299A25E20ED700CA9F56 /* PersonalDataViewController.swift */; };
		041E299F25E210F600CA9F56 /* PersonalDataCell.swift in Sources */ = {isa = PBXBuildFile; fileRef = 041E299E25E210F600CA9F56 /* PersonalDataCell.swift */; };
		041E29A125E2175800CA9F56 /* PersonalDataModuleUIData.swift in Sources */ = {isa = PBXBuildFile; fileRef = 041E29A025E2175800CA9F56 /* PersonalDataModuleUIData.swift */; };
		041E29A325E21AEA00CA9F56 /* Settings.storyboard in Resources */ = {isa = PBXBuildFile; fileRef = 041E29A225E21AEA00CA9F56 /* Settings.storyboard */; };
		041E29A525E21BF300CA9F56 /* Service.storyboard in Resources */ = {isa = PBXBuildFile; fileRef = 041E29A425E21BF300CA9F56 /* Service.storyboard */; };
		041E29A925E220BC00CA9F56 /* PersonalDataModel.swift in Sources */ = {isa = PBXBuildFile; fileRef = 041E29A825E220BC00CA9F56 /* PersonalDataModel.swift */; };
		041E29AD25E2694000CA9F56 /* UAViewController.swift in Sources */ = {isa = PBXBuildFile; fileRef = 041E29AC25E2694000CA9F56 /* UAViewController.swift */; };
		041E29AF25E26B5300CA9F56 /* PPViewController.swift in Sources */ = {isa = PBXBuildFile; fileRef = 041E29AE25E26B5200CA9F56 /* PPViewController.swift */; };
		041E29B125E6155A00CA9F56 /* SlideUpView.swift in Sources */ = {isa = PBXBuildFile; fileRef = 041E29B025E6155900CA9F56 /* SlideUpView.swift */; };
		041E29C125E766D900CA9F56 /* PromoViewController.swift in Sources */ = {isa = PBXBuildFile; fileRef = 041E29C025E766D900CA9F56 /* PromoViewController.swift */; };
		041E29C325E7670000CA9F56 /* PromoTableViewCell.swift in Sources */ = {isa = PBXBuildFile; fileRef = 041E29C225E7670000CA9F56 /* PromoTableViewCell.swift */; };
		041E29C525E7678000CA9F56 /* PromoModuleUIData.swift in Sources */ = {isa = PBXBuildFile; fileRef = 041E29C425E7678000CA9F56 /* PromoModuleUIData.swift */; };
		041E29C725E7691C00CA9F56 /* PromoCellModel.swift in Sources */ = {isa = PBXBuildFile; fileRef = 041E29C625E7691C00CA9F56 /* PromoCellModel.swift */; };
		041E29CB25E769C700CA9F56 /* Promo.storyboard in Resources */ = {isa = PBXBuildFile; fileRef = 041E29CA25E769C700CA9F56 /* Promo.storyboard */; };
		041E29DB25E7A54700CA9F56 /* PromoResponse.swift in Sources */ = {isa = PBXBuildFile; fileRef = 041E29DA25E7A54700CA9F56 /* PromoResponse.swift */; };
		041E29DD25E7D52600CA9F56 /* PromoShortTableViewCell.swift in Sources */ = {isa = PBXBuildFile; fileRef = 041E29DC25E7D52600CA9F56 /* PromoShortTableViewCell.swift */; };
		041E29DF25E7D54300CA9F56 /* PromoShortViewController.swift in Sources */ = {isa = PBXBuildFile; fileRef = 041E29DE25E7D54300CA9F56 /* PromoShortViewController.swift */; };
		041E29E125E7D88B00CA9F56 /* PromoInteractor.swift in Sources */ = {isa = PBXBuildFile; fileRef = 041E29E025E7D88B00CA9F56 /* PromoInteractor.swift */; };
		043E67CA25EDE50C003E49C9 /* PromoDestinationView.swift in Sources */ = {isa = PBXBuildFile; fileRef = 043E67C925EDE50C003E49C9 /* PromoDestinationView.swift */; };
		0465F51425DA30CD008CA6D0 /* AlertController.swift in Sources */ = {isa = PBXBuildFile; fileRef = 0465F51325DA30CD008CA6D0 /* AlertController.swift */; };
		0465F51625DA39BA008CA6D0 /* PhotosInteractor.swift in Sources */ = {isa = PBXBuildFile; fileRef = 0465F51525DA39BA008CA6D0 /* PhotosInteractor.swift */; };
		0465F51A25DA561D008CA6D0 /* SentViewController.swift in Sources */ = {isa = PBXBuildFile; fileRef = 0465F51925DA561D008CA6D0 /* SentViewController.swift */; };
		0465F53E25DBDD22008CA6D0 /* PhotosViewControllerUIData.swift in Sources */ = {isa = PBXBuildFile; fileRef = 0465F53D25DBDD22008CA6D0 /* PhotosViewControllerUIData.swift */; };
		0465F54025DBDD49008CA6D0 /* SentViewControllerUIData.swift in Sources */ = {isa = PBXBuildFile; fileRef = 0465F53F25DBDD49008CA6D0 /* SentViewControllerUIData.swift */; };
		0465F54225DBDD67008CA6D0 /* ServiceViewControllerUIData.swift in Sources */ = {isa = PBXBuildFile; fileRef = 0465F54125DBDD67008CA6D0 /* ServiceViewControllerUIData.swift */; };
		049A3F6725F1F66400C31AED /* Address.storyboard in Resources */ = {isa = PBXBuildFile; fileRef = 049A3F6625F1F66400C31AED /* Address.storyboard */; };
		049A3F6B25F20F5300C31AED /* AddressViewController.swift in Sources */ = {isa = PBXBuildFile; fileRef = 049A3F6A25F20F5300C31AED /* AddressViewController.swift */; };
		049A3F6D25F2100500C31AED /* AddressModuleUIData.swift in Sources */ = {isa = PBXBuildFile; fileRef = 049A3F6C25F2100500C31AED /* AddressModuleUIData.swift */; };
		04B5651225D6591200E0EC25 /* AppDelegate.swift in Sources */ = {isa = PBXBuildFile; fileRef = 04B5651125D6591200E0EC25 /* AppDelegate.swift */; };
		04B5651425D6591200E0EC25 /* SceneDelegate.swift in Sources */ = {isa = PBXBuildFile; fileRef = 04B5651325D6591200E0EC25 /* SceneDelegate.swift */; };
		04B5651E25D6591700E0EC25 /* Assets.xcassets in Resources */ = {isa = PBXBuildFile; fileRef = 04B5651D25D6591700E0EC25 /* Assets.xcassets */; };
		04B5652125D6591700E0EC25 /* LaunchScreen.storyboard in Resources */ = {isa = PBXBuildFile; fileRef = 04B5651F25D6591700E0EC25 /* LaunchScreen.storyboard */; };
		04B5652C25D6591800E0EC25 /* Taxi_and_foodTests.swift in Sources */ = {isa = PBXBuildFile; fileRef = 04B5652B25D6591800E0EC25 /* Taxi_and_foodTests.swift */; };
		04B5653725D6591800E0EC25 /* Taxi_and_foodUITests.swift in Sources */ = {isa = PBXBuildFile; fileRef = 04B5653625D6591800E0EC25 /* Taxi_and_foodUITests.swift */; };
		04B5654925D65A2600E0EC25 /* AuthViewController.swift in Sources */ = {isa = PBXBuildFile; fileRef = 04B5654825D65A2600E0EC25 /* AuthViewController.swift */; };
		04B5654B25D65A5400E0EC25 /* ConfirmAuthViewController.swift in Sources */ = {isa = PBXBuildFile; fileRef = 04B5654A25D65A5400E0EC25 /* ConfirmAuthViewController.swift */; };
		04B5655125D65AF200E0EC25 /* NetworkService.swift in Sources */ = {isa = PBXBuildFile; fileRef = 04B5655025D65AF200E0EC25 /* NetworkService.swift */; };
		04B5655325D65B1D00E0EC25 /* Resource.swift in Sources */ = {isa = PBXBuildFile; fileRef = 04B5655225D65B1D00E0EC25 /* Resource.swift */; };
		04B5655625D65B4D00E0EC25 /* UITextField+Extension.swift in Sources */ = {isa = PBXBuildFile; fileRef = 04B5655525D65B4D00E0EC25 /* UITextField+Extension.swift */; };
		04B5655825D65B6D00E0EC25 /* UIViewController+Extension.swift in Sources */ = {isa = PBXBuildFile; fileRef = 04B5655725D65B6D00E0EC25 /* UIViewController+Extension.swift */; };
		04B5656B25D6824400E0EC25 /* ServiceViewController.swift in Sources */ = {isa = PBXBuildFile; fileRef = 04B5656A25D6824400E0EC25 /* ServiceViewController.swift */; };
		04B5656D25D68EA800E0EC25 /* PhotosViewController.swift in Sources */ = {isa = PBXBuildFile; fileRef = 04B5656C25D68EA800E0EC25 /* PhotosViewController.swift */; };
		04B5656F25D8D6C700E0EC25 /* PhotosCell.swift in Sources */ = {isa = PBXBuildFile; fileRef = 04B5656E25D8D6C600E0EC25 /* PhotosCell.swift */; };
		04CA5A4D25E89AB300EDC886 /* PromoShortInteractor.swift in Sources */ = {isa = PBXBuildFile; fileRef = 04CA5A4C25E89AB300EDC886 /* PromoShortInteractor.swift */; };
		04CA5A5125E8F2CF00EDC886 /* PersonalDataInteractor.swift in Sources */ = {isa = PBXBuildFile; fileRef = 04CA5A5025E8F2CF00EDC886 /* PersonalDataInteractor.swift */; };
		04CA5A5325E905EB00EDC886 /* PromoDescriptionViewController.swift in Sources */ = {isa = PBXBuildFile; fileRef = 04CA5A5225E905EB00EDC886 /* PromoDescriptionViewController.swift */; };
		04EFB7CE25EB887F00787C68 /* PromoDescriptionInteractor.swift in Sources */ = {isa = PBXBuildFile; fileRef = 04EFB7CD25EB887E00787C68 /* PromoDescriptionInteractor.swift */; };
		7B26145425DAD53F00E2B779 /* Userdefaults+Extension.swift in Sources */ = {isa = PBXBuildFile; fileRef = 7B26145325DAD53F00E2B779 /* Userdefaults+Extension.swift */; };
		7B26145F25DAD9BC00E2B779 /* AuthModuleUIData.swift in Sources */ = {isa = PBXBuildFile; fileRef = 7B26145E25DAD9BC00E2B779 /* AuthModuleUIData.swift */; };
		7B2B99DD25D83A39008B6CD9 /* UserAgreementViewController.swift in Sources */ = {isa = PBXBuildFile; fileRef = 7B2B99DC25D83A38008B6CD9 /* UserAgreementViewController.swift */; };
		7B2B99E525D83F10008B6CD9 /* AuthModel.swift in Sources */ = {isa = PBXBuildFile; fileRef = 7B2B99E425D83F10008B6CD9 /* AuthModel.swift */; };
		7B2B99EE25D8419B008B6CD9 /* ConfirmAuthInteractor.swift in Sources */ = {isa = PBXBuildFile; fileRef = 7B2B99ED25D8419B008B6CD9 /* ConfirmAuthInteractor.swift */; };
		7B47C82025DD2A4C00F366FE /* Tarifs.storyboard in Resources */ = {isa = PBXBuildFile; fileRef = 7B47C81F25DD2A4C00F366FE /* Tarifs.storyboard */; };
		7B47C84325DD448A00F366FE /* AdvantageCollectionViewCell.swift in Sources */ = {isa = PBXBuildFile; fileRef = 7B47C84225DD448A00F366FE /* AdvantageCollectionViewCell.swift */; };
		7B47C84B25DD478D00F366FE /* TariffViewController.swift in Sources */ = {isa = PBXBuildFile; fileRef = 7B47C84A25DD478D00F366FE /* TariffViewController.swift */; };
		7B47C85525DE470500F366FE /* TariffsPageViewController.swift in Sources */ = {isa = PBXBuildFile; fileRef = 7B47C85425DE470500F366FE /* TariffsPageViewController.swift */; };
		7B47C85D25DE478400F366FE /* TariffsPageInteractor.swift in Sources */ = {isa = PBXBuildFile; fileRef = 7B47C85C25DE478400F366FE /* TariffsPageInteractor.swift */; };
		7B47C86225DE9A0300F366FE /* TariffTitleButton.swift in Sources */ = {isa = PBXBuildFile; fileRef = 7B47C86125DE9A0300F366FE /* TariffTitleButton.swift */; };
		7B47C87725E1458900F366FE /* MenuView.swift in Sources */ = {isa = PBXBuildFile; fileRef = 7B47C87625E1458900F366FE /* MenuView.swift */; };
		7B47C87C25E147E700F366FE /* CloseMenuButton.swift in Sources */ = {isa = PBXBuildFile; fileRef = 7B47C87B25E147E700F366FE /* CloseMenuButton.swift */; };
		7B75CED625DAE065001981CA /* ConfirmAuthModuleUIData.swift in Sources */ = {isa = PBXBuildFile; fileRef = 7B75CED525DAE065001981CA /* ConfirmAuthModuleUIData.swift */; };
		7B75CEDE25DAE2E3001981CA /* NetworkRequestData.swift in Sources */ = {isa = PBXBuildFile; fileRef = 7B75CEDD25DAE2E3001981CA /* NetworkRequestData.swift */; };
		7B75CEE725DAE72C001981CA /* MainBottomButton.swift in Sources */ = {isa = PBXBuildFile; fileRef = 7B75CEE625DAE72C001981CA /* MainBottomButton.swift */; };
		7B75CEEF25DAF622001981CA /* String+Extension.swift in Sources */ = {isa = PBXBuildFile; fileRef = 7B75CEEE25DAF622001981CA /* String+Extension.swift */; };
		7B75CEF425DB0AC1001981CA /* DigitTextField.swift in Sources */ = {isa = PBXBuildFile; fileRef = 7B75CEF325DB0AC1001981CA /* DigitTextField.swift */; };
		7B75CF0225DC3B58001981CA /* ServiceRoundAddButton.swift in Sources */ = {isa = PBXBuildFile; fileRef = 7B75CF0125DC3B58001981CA /* ServiceRoundAddButton.swift */; };
		7B75CF0F25DC3FA6001981CA /* UploadImageView.swift in Sources */ = {isa = PBXBuildFile; fileRef = 7B75CF0E25DC3FA6001981CA /* UploadImageView.swift */; };
		7B75CF1425DC4C53001981CA /* ProblemTextView.swift in Sources */ = {isa = PBXBuildFile; fileRef = 7B75CF1325DC4C53001981CA /* ProblemTextView.swift */; };
		7B75CF3025DD661A001981CA /* TarifModuleData.swift in Sources */ = {isa = PBXBuildFile; fileRef = 7B75CF2F25DD661A001981CA /* TarifModuleData.swift */; };
		7B75CF3525DD6628001981CA /* Names.swift in Sources */ = {isa = PBXBuildFile; fileRef = 7B75CF3425DD6628001981CA /* Names.swift */; };
		7B75CF3D25DD6CFE001981CA /* TopAlignLabel.swift in Sources */ = {isa = PBXBuildFile; fileRef = 7B75CF3C25DD6CFE001981CA /* TopAlignLabel.swift */; };
		7B75CF4225DD707B001981CA /* TariffInteractor.swift in Sources */ = {isa = PBXBuildFile; fileRef = 7B75CF4125DD707B001981CA /* TariffInteractor.swift */; };
		7B75CF5125DD71E1001981CA /* TarifResponse.swift in Sources */ = {isa = PBXBuildFile; fileRef = 7B75CF5025DD71E1001981CA /* TarifResponse.swift */; };
		7B75CF6325DD7DD3001981CA /* UIImageView+Extension.swift in Sources */ = {isa = PBXBuildFile; fileRef = 7B75CF6225DD7DD3001981CA /* UIImageView+Extension.swift */; };
		7B75CF8B25E00B9B001981CA /* MainBottomButtonUIData.swift in Sources */ = {isa = PBXBuildFile; fileRef = 7B75CF8A25E00B9B001981CA /* MainBottomButtonUIData.swift */; };
		7B75CF9025E01CFD001981CA /* ServerError.swift in Sources */ = {isa = PBXBuildFile; fileRef = 7B75CF8F25E01CFD001981CA /* ServerError.swift */; };
		7B75CF9525E03861001981CA /* MapRoundButton.swift in Sources */ = {isa = PBXBuildFile; fileRef = 7B75CF9425E03861001981CA /* MapRoundButton.swift */; };
		7B75CF9A25E038F4001981CA /* MapViewControllerUIData.swift in Sources */ = {isa = PBXBuildFile; fileRef = 7B75CF9925E038F4001981CA /* MapViewControllerUIData.swift */; };
		7B75CFA525E03D5A001981CA /* MapBottomView.swift in Sources */ = {isa = PBXBuildFile; fileRef = 7B75CFA425E03D5A001981CA /* MapBottomView.swift */; };
		7B75CFAD25E16EA9001981CA /* MapInteractor.swift in Sources */ = {isa = PBXBuildFile; fileRef = 7B75CFAC25E16EA9001981CA /* MapInteractor.swift */; };
		7B75CFB725E17219001981CA /* TableViewDataSourceAndDelegate.swift in Sources */ = {isa = PBXBuildFile; fileRef = 7B75CFB625E17219001981CA /* TableViewDataSourceAndDelegate.swift */; };
		7B75CFC525E175E8001981CA /* MapMenuViewCell.swift in Sources */ = {isa = PBXBuildFile; fileRef = 7B75CFC425E175E8001981CA /* MapMenuViewCell.swift */; };
		7B75CFCA25E17AF7001981CA /* MapMenuDataModel.swift in Sources */ = {isa = PBXBuildFile; fileRef = 7B75CFC925E17AF7001981CA /* MapMenuDataModel.swift */; };
		7B75CFE025E3CBEC001981CA /* Taxi_and_food.xcdatamodeld in Sources */ = {isa = PBXBuildFile; fileRef = 7B75CFDE25E3CBEC001981CA /* Taxi_and_food.xcdatamodeld */; };
		7B75CFE825E3FE80001981CA /* PersistanceStoreManager.swift in Sources */ = {isa = PBXBuildFile; fileRef = 7B75CFE725E3FE80001981CA /* PersistanceStoreManager.swift */; };
		7BCBCB8225D9452B00C43CF6 /* AuthInteractor.swift in Sources */ = {isa = PBXBuildFile; fileRef = 7BCBCB8125D9452B00C43CF6 /* AuthInteractor.swift */; };
		7BCBCB9125D94EC200C43CF6 /* GeneralUISettings.swift in Sources */ = {isa = PBXBuildFile; fileRef = 7BCBCB9025D94EC200C43CF6 /* GeneralUISettings.swift */; };
		7BCBCB9625D94F4100C43CF6 /* UIColor+Extension.swift in Sources */ = {isa = PBXBuildFile; fileRef = 7BCBCB9525D94F4100C43CF6 /* UIColor+Extension.swift */; };
		7BFFA66125D66F8300C35652 /* PhoneFormatter.swift in Sources */ = {isa = PBXBuildFile; fileRef = 7BFFA66025D66F8300C35652 /* PhoneFormatter.swift */; };
		7BFFA66625D66F9500C35652 /* UILabel+Extension.swift in Sources */ = {isa = PBXBuildFile; fileRef = 7BFFA66525D66F9500C35652 /* UILabel+Extension.swift */; };
		7BFFA67025D66FAC00C35652 /* UITapGestureRecognizer+Extension.swift in Sources */ = {isa = PBXBuildFile; fileRef = 7BFFA66F25D66FAC00C35652 /* UITapGestureRecognizer+Extension.swift */; };
		7BFFA68325D67F0300C35652 /* MapViewController.swift in Sources */ = {isa = PBXBuildFile; fileRef = 7BFFA68225D67F0300C35652 /* MapViewController.swift */; };
		7BFFA71025DBCC9200C35652 /* AuthAndMap.storyboard in Resources */ = {isa = PBXBuildFile; fileRef = 7BFFA70F25DBCC9200C35652 /* AuthAndMap.storyboard */; };
/* End PBXBuildFile section */

/* Begin PBXContainerItemProxy section */
		04B5652825D6591700E0EC25 /* PBXContainerItemProxy */ = {
			isa = PBXContainerItemProxy;
			containerPortal = 04B5650625D6591200E0EC25 /* Project object */;
			proxyType = 1;
			remoteGlobalIDString = 04B5650D25D6591200E0EC25;
			remoteInfo = "Taxi and food";
		};
		04B5653325D6591800E0EC25 /* PBXContainerItemProxy */ = {
			isa = PBXContainerItemProxy;
			containerPortal = 04B5650625D6591200E0EC25 /* Project object */;
			proxyType = 1;
			remoteGlobalIDString = 04B5650D25D6591200E0EC25;
			remoteInfo = "Taxi and food";
		};
/* End PBXContainerItemProxy section */

/* Begin PBXFileReference section */
		0414313B25F727C50074D86C /* AppleMapViewController.swift */ = {isa = PBXFileReference; lastKnownFileType = sourcecode.swift; path = AppleMapViewController.swift; sourceTree = "<group>"; };
		0414314025F86DF80074D86C /* AddressInteractor.swift */ = {isa = PBXFileReference; lastKnownFileType = sourcecode.swift; path = AddressInteractor.swift; sourceTree = "<group>"; };
		0414314325F870680074D86C /* AddressModel.swift */ = {isa = PBXFileReference; lastKnownFileType = sourcecode.swift; path = AddressModel.swift; sourceTree = "<group>"; };
		041E298125DE1F8A00CA9F56 /* SettingsViewController.swift */ = {isa = PBXFileReference; lastKnownFileType = sourcecode.swift; path = SettingsViewController.swift; sourceTree = "<group>"; };
		041E298325DE1FA700CA9F56 /* SettingsInteractor.swift */ = {isa = PBXFileReference; lastKnownFileType = sourcecode.swift; path = SettingsInteractor.swift; sourceTree = "<group>"; };
		041E298525DE226400CA9F56 /* SettingsModuleUIData.swift */ = {isa = PBXFileReference; lastKnownFileType = sourcecode.swift; path = SettingsModuleUIData.swift; sourceTree = "<group>"; };
		041E298725DE2ADC00CA9F56 /* SettingsStaticCell.swift */ = {isa = PBXFileReference; lastKnownFileType = sourcecode.swift; path = SettingsStaticCell.swift; sourceTree = "<group>"; };
		041E298925DE36B500CA9F56 /* SettingsOption.swift */ = {isa = PBXFileReference; lastKnownFileType = sourcecode.swift; path = SettingsOption.swift; sourceTree = "<group>"; };
		041E298B25DF5F5B00CA9F56 /* SettingsSwitchCell.swift */ = {isa = PBXFileReference; lastKnownFileType = sourcecode.swift; path = SettingsSwitchCell.swift; sourceTree = "<group>"; };
		041E298D25DF6DB900CA9F56 /* LanguageViewController.swift */ = {isa = PBXFileReference; lastKnownFileType = sourcecode.swift; path = LanguageViewController.swift; sourceTree = "<group>"; };
		041E298F25DF6F9900CA9F56 /* LanguageCell.swift */ = {isa = PBXFileReference; lastKnownFileType = sourcecode.swift; path = LanguageCell.swift; sourceTree = "<group>"; };
		041E299125DF796000CA9F56 /* LanguageOption.swift */ = {isa = PBXFileReference; lastKnownFileType = sourcecode.swift; path = LanguageOption.swift; sourceTree = "<group>"; };
		041E299825E20E6400CA9F56 /* PersonalData.storyboard */ = {isa = PBXFileReference; lastKnownFileType = file.storyboard; path = PersonalData.storyboard; sourceTree = "<group>"; };
		041E299A25E20ED700CA9F56 /* PersonalDataViewController.swift */ = {isa = PBXFileReference; lastKnownFileType = sourcecode.swift; path = PersonalDataViewController.swift; sourceTree = "<group>"; };
		041E299E25E210F600CA9F56 /* PersonalDataCell.swift */ = {isa = PBXFileReference; lastKnownFileType = sourcecode.swift; path = PersonalDataCell.swift; sourceTree = "<group>"; };
		041E29A025E2175800CA9F56 /* PersonalDataModuleUIData.swift */ = {isa = PBXFileReference; lastKnownFileType = sourcecode.swift; path = PersonalDataModuleUIData.swift; sourceTree = "<group>"; };
		041E29A225E21AEA00CA9F56 /* Settings.storyboard */ = {isa = PBXFileReference; lastKnownFileType = file.storyboard; path = Settings.storyboard; sourceTree = "<group>"; };
		041E29A425E21BF300CA9F56 /* Service.storyboard */ = {isa = PBXFileReference; fileEncoding = 4; lastKnownFileType = file.storyboard; path = Service.storyboard; sourceTree = "<group>"; };
		041E29A825E220BC00CA9F56 /* PersonalDataModel.swift */ = {isa = PBXFileReference; lastKnownFileType = sourcecode.swift; path = PersonalDataModel.swift; sourceTree = "<group>"; };
		041E29AC25E2694000CA9F56 /* UAViewController.swift */ = {isa = PBXFileReference; lastKnownFileType = sourcecode.swift; path = UAViewController.swift; sourceTree = "<group>"; };
		041E29AE25E26B5200CA9F56 /* PPViewController.swift */ = {isa = PBXFileReference; lastKnownFileType = sourcecode.swift; path = PPViewController.swift; sourceTree = "<group>"; };
		041E29B025E6155900CA9F56 /* SlideUpView.swift */ = {isa = PBXFileReference; lastKnownFileType = sourcecode.swift; path = SlideUpView.swift; sourceTree = "<group>"; };
		041E29C025E766D900CA9F56 /* PromoViewController.swift */ = {isa = PBXFileReference; lastKnownFileType = sourcecode.swift; path = PromoViewController.swift; sourceTree = "<group>"; };
		041E29C225E7670000CA9F56 /* PromoTableViewCell.swift */ = {isa = PBXFileReference; lastKnownFileType = sourcecode.swift; path = PromoTableViewCell.swift; sourceTree = "<group>"; };
		041E29C425E7678000CA9F56 /* PromoModuleUIData.swift */ = {isa = PBXFileReference; lastKnownFileType = sourcecode.swift; path = PromoModuleUIData.swift; sourceTree = "<group>"; };
		041E29C625E7691C00CA9F56 /* PromoCellModel.swift */ = {isa = PBXFileReference; lastKnownFileType = sourcecode.swift; path = PromoCellModel.swift; sourceTree = "<group>"; };
		041E29CA25E769C700CA9F56 /* Promo.storyboard */ = {isa = PBXFileReference; lastKnownFileType = file.storyboard; path = Promo.storyboard; sourceTree = "<group>"; };
		041E29DA25E7A54700CA9F56 /* PromoResponse.swift */ = {isa = PBXFileReference; lastKnownFileType = sourcecode.swift; path = PromoResponse.swift; sourceTree = "<group>"; };
		041E29DC25E7D52600CA9F56 /* PromoShortTableViewCell.swift */ = {isa = PBXFileReference; lastKnownFileType = sourcecode.swift; path = PromoShortTableViewCell.swift; sourceTree = "<group>"; };
		041E29DE25E7D54300CA9F56 /* PromoShortViewController.swift */ = {isa = PBXFileReference; lastKnownFileType = sourcecode.swift; path = PromoShortViewController.swift; sourceTree = "<group>"; };
		041E29E025E7D88B00CA9F56 /* PromoInteractor.swift */ = {isa = PBXFileReference; lastKnownFileType = sourcecode.swift; path = PromoInteractor.swift; sourceTree = "<group>"; };
		043E67C925EDE50C003E49C9 /* PromoDestinationView.swift */ = {isa = PBXFileReference; lastKnownFileType = sourcecode.swift; path = PromoDestinationView.swift; sourceTree = "<group>"; };
		0465F51325DA30CD008CA6D0 /* AlertController.swift */ = {isa = PBXFileReference; lastKnownFileType = sourcecode.swift; path = AlertController.swift; sourceTree = "<group>"; };
		0465F51525DA39BA008CA6D0 /* PhotosInteractor.swift */ = {isa = PBXFileReference; lastKnownFileType = sourcecode.swift; path = PhotosInteractor.swift; sourceTree = "<group>"; };
		0465F51925DA561D008CA6D0 /* SentViewController.swift */ = {isa = PBXFileReference; lastKnownFileType = sourcecode.swift; path = SentViewController.swift; sourceTree = "<group>"; };
		0465F53D25DBDD22008CA6D0 /* PhotosViewControllerUIData.swift */ = {isa = PBXFileReference; lastKnownFileType = sourcecode.swift; path = PhotosViewControllerUIData.swift; sourceTree = "<group>"; };
		0465F53F25DBDD49008CA6D0 /* SentViewControllerUIData.swift */ = {isa = PBXFileReference; lastKnownFileType = sourcecode.swift; path = SentViewControllerUIData.swift; sourceTree = "<group>"; };
		0465F54125DBDD67008CA6D0 /* ServiceViewControllerUIData.swift */ = {isa = PBXFileReference; lastKnownFileType = sourcecode.swift; path = ServiceViewControllerUIData.swift; sourceTree = "<group>"; };
		049A3F6625F1F66400C31AED /* Address.storyboard */ = {isa = PBXFileReference; lastKnownFileType = file.storyboard; path = Address.storyboard; sourceTree = "<group>"; };
		049A3F6A25F20F5300C31AED /* AddressViewController.swift */ = {isa = PBXFileReference; lastKnownFileType = sourcecode.swift; path = AddressViewController.swift; sourceTree = "<group>"; };
		049A3F6C25F2100500C31AED /* AddressModuleUIData.swift */ = {isa = PBXFileReference; lastKnownFileType = sourcecode.swift; path = AddressModuleUIData.swift; sourceTree = "<group>"; };
		04B5650E25D6591200E0EC25 /* Taxi and food.app */ = {isa = PBXFileReference; explicitFileType = wrapper.application; includeInIndex = 0; path = "Taxi and food.app"; sourceTree = BUILT_PRODUCTS_DIR; };
		04B5651125D6591200E0EC25 /* AppDelegate.swift */ = {isa = PBXFileReference; lastKnownFileType = sourcecode.swift; path = AppDelegate.swift; sourceTree = "<group>"; };
		04B5651325D6591200E0EC25 /* SceneDelegate.swift */ = {isa = PBXFileReference; lastKnownFileType = sourcecode.swift; path = SceneDelegate.swift; sourceTree = "<group>"; };
		04B5651D25D6591700E0EC25 /* Assets.xcassets */ = {isa = PBXFileReference; lastKnownFileType = folder.assetcatalog; path = Assets.xcassets; sourceTree = "<group>"; };
		04B5652025D6591700E0EC25 /* Base */ = {isa = PBXFileReference; lastKnownFileType = file.storyboard; name = Base; path = Base.lproj/LaunchScreen.storyboard; sourceTree = "<group>"; };
		04B5652225D6591700E0EC25 /* Info.plist */ = {isa = PBXFileReference; lastKnownFileType = text.plist.xml; path = Info.plist; sourceTree = "<group>"; };
		04B5652725D6591700E0EC25 /* Taxi and foodTests.xctest */ = {isa = PBXFileReference; explicitFileType = wrapper.cfbundle; includeInIndex = 0; path = "Taxi and foodTests.xctest"; sourceTree = BUILT_PRODUCTS_DIR; };
		04B5652B25D6591800E0EC25 /* Taxi_and_foodTests.swift */ = {isa = PBXFileReference; lastKnownFileType = sourcecode.swift; path = Taxi_and_foodTests.swift; sourceTree = "<group>"; };
		04B5652D25D6591800E0EC25 /* Info.plist */ = {isa = PBXFileReference; lastKnownFileType = text.plist.xml; path = Info.plist; sourceTree = "<group>"; };
		04B5653225D6591800E0EC25 /* Taxi and foodUITests.xctest */ = {isa = PBXFileReference; explicitFileType = wrapper.cfbundle; includeInIndex = 0; path = "Taxi and foodUITests.xctest"; sourceTree = BUILT_PRODUCTS_DIR; };
		04B5653625D6591800E0EC25 /* Taxi_and_foodUITests.swift */ = {isa = PBXFileReference; lastKnownFileType = sourcecode.swift; path = Taxi_and_foodUITests.swift; sourceTree = "<group>"; };
		04B5653825D6591800E0EC25 /* Info.plist */ = {isa = PBXFileReference; lastKnownFileType = text.plist.xml; path = Info.plist; sourceTree = "<group>"; };
		04B5654825D65A2600E0EC25 /* AuthViewController.swift */ = {isa = PBXFileReference; lastKnownFileType = sourcecode.swift; path = AuthViewController.swift; sourceTree = "<group>"; };
		04B5654A25D65A5400E0EC25 /* ConfirmAuthViewController.swift */ = {isa = PBXFileReference; lastKnownFileType = sourcecode.swift; path = ConfirmAuthViewController.swift; sourceTree = "<group>"; };
		04B5655025D65AF200E0EC25 /* NetworkService.swift */ = {isa = PBXFileReference; lastKnownFileType = sourcecode.swift; path = NetworkService.swift; sourceTree = "<group>"; };
		04B5655225D65B1D00E0EC25 /* Resource.swift */ = {isa = PBXFileReference; lastKnownFileType = sourcecode.swift; path = Resource.swift; sourceTree = "<group>"; };
		04B5655525D65B4D00E0EC25 /* UITextField+Extension.swift */ = {isa = PBXFileReference; lastKnownFileType = sourcecode.swift; path = "UITextField+Extension.swift"; sourceTree = "<group>"; };
		04B5655725D65B6D00E0EC25 /* UIViewController+Extension.swift */ = {isa = PBXFileReference; lastKnownFileType = sourcecode.swift; path = "UIViewController+Extension.swift"; sourceTree = "<group>"; };
		04B5656A25D6824400E0EC25 /* ServiceViewController.swift */ = {isa = PBXFileReference; lastKnownFileType = sourcecode.swift; path = ServiceViewController.swift; sourceTree = "<group>"; };
		04B5656C25D68EA800E0EC25 /* PhotosViewController.swift */ = {isa = PBXFileReference; lastKnownFileType = sourcecode.swift; path = PhotosViewController.swift; sourceTree = "<group>"; };
		04B5656E25D8D6C600E0EC25 /* PhotosCell.swift */ = {isa = PBXFileReference; lastKnownFileType = sourcecode.swift; path = PhotosCell.swift; sourceTree = "<group>"; };
		04CA5A4C25E89AB300EDC886 /* PromoShortInteractor.swift */ = {isa = PBXFileReference; lastKnownFileType = sourcecode.swift; path = PromoShortInteractor.swift; sourceTree = "<group>"; };
		04CA5A5025E8F2CF00EDC886 /* PersonalDataInteractor.swift */ = {isa = PBXFileReference; lastKnownFileType = sourcecode.swift; name = PersonalDataInteractor.swift; path = "Taxi and food/PersonalData module/Promo module/View/PomotionShort/PersonalDataInteractor.swift"; sourceTree = SOURCE_ROOT; };
		04CA5A5225E905EB00EDC886 /* PromoDescriptionViewController.swift */ = {isa = PBXFileReference; lastKnownFileType = sourcecode.swift; path = PromoDescriptionViewController.swift; sourceTree = "<group>"; };
		04EFB7CD25EB887E00787C68 /* PromoDescriptionInteractor.swift */ = {isa = PBXFileReference; lastKnownFileType = sourcecode.swift; path = PromoDescriptionInteractor.swift; sourceTree = "<group>"; };
		7B26145325DAD53F00E2B779 /* Userdefaults+Extension.swift */ = {isa = PBXFileReference; lastKnownFileType = sourcecode.swift; path = "Userdefaults+Extension.swift"; sourceTree = "<group>"; };
		7B26145E25DAD9BC00E2B779 /* AuthModuleUIData.swift */ = {isa = PBXFileReference; lastKnownFileType = sourcecode.swift; path = AuthModuleUIData.swift; sourceTree = "<group>"; };
		7B2B99DC25D83A38008B6CD9 /* UserAgreementViewController.swift */ = {isa = PBXFileReference; fileEncoding = 4; lastKnownFileType = sourcecode.swift; path = UserAgreementViewController.swift; sourceTree = "<group>"; };
		7B2B99E425D83F10008B6CD9 /* AuthModel.swift */ = {isa = PBXFileReference; lastKnownFileType = sourcecode.swift; path = AuthModel.swift; sourceTree = "<group>"; };
		7B2B99ED25D8419B008B6CD9 /* ConfirmAuthInteractor.swift */ = {isa = PBXFileReference; lastKnownFileType = sourcecode.swift; path = ConfirmAuthInteractor.swift; sourceTree = "<group>"; };
		7B47C81F25DD2A4C00F366FE /* Tarifs.storyboard */ = {isa = PBXFileReference; lastKnownFileType = file.storyboard; path = Tarifs.storyboard; sourceTree = "<group>"; };
		7B47C84225DD448A00F366FE /* AdvantageCollectionViewCell.swift */ = {isa = PBXFileReference; lastKnownFileType = sourcecode.swift; path = AdvantageCollectionViewCell.swift; sourceTree = "<group>"; };
		7B47C84A25DD478D00F366FE /* TariffViewController.swift */ = {isa = PBXFileReference; lastKnownFileType = sourcecode.swift; path = TariffViewController.swift; sourceTree = "<group>"; };
		7B47C85425DE470500F366FE /* TariffsPageViewController.swift */ = {isa = PBXFileReference; lastKnownFileType = sourcecode.swift; path = TariffsPageViewController.swift; sourceTree = "<group>"; };
		7B47C85C25DE478400F366FE /* TariffsPageInteractor.swift */ = {isa = PBXFileReference; lastKnownFileType = sourcecode.swift; path = TariffsPageInteractor.swift; sourceTree = "<group>"; };
		7B47C86125DE9A0300F366FE /* TariffTitleButton.swift */ = {isa = PBXFileReference; lastKnownFileType = sourcecode.swift; path = TariffTitleButton.swift; sourceTree = "<group>"; };
		7B47C87625E1458900F366FE /* MenuView.swift */ = {isa = PBXFileReference; lastKnownFileType = sourcecode.swift; path = MenuView.swift; sourceTree = "<group>"; };
		7B47C87B25E147E700F366FE /* CloseMenuButton.swift */ = {isa = PBXFileReference; lastKnownFileType = sourcecode.swift; path = CloseMenuButton.swift; sourceTree = "<group>"; };
		7B75CED525DAE065001981CA /* ConfirmAuthModuleUIData.swift */ = {isa = PBXFileReference; lastKnownFileType = sourcecode.swift; path = ConfirmAuthModuleUIData.swift; sourceTree = "<group>"; };
		7B75CEDD25DAE2E3001981CA /* NetworkRequestData.swift */ = {isa = PBXFileReference; lastKnownFileType = sourcecode.swift; path = NetworkRequestData.swift; sourceTree = "<group>"; };
		7B75CEE625DAE72C001981CA /* MainBottomButton.swift */ = {isa = PBXFileReference; lastKnownFileType = sourcecode.swift; path = MainBottomButton.swift; sourceTree = "<group>"; };
		7B75CEEE25DAF622001981CA /* String+Extension.swift */ = {isa = PBXFileReference; lastKnownFileType = sourcecode.swift; path = "String+Extension.swift"; sourceTree = "<group>"; };
		7B75CEF325DB0AC1001981CA /* DigitTextField.swift */ = {isa = PBXFileReference; lastKnownFileType = sourcecode.swift; path = DigitTextField.swift; sourceTree = "<group>"; };
		7B75CF0125DC3B58001981CA /* ServiceRoundAddButton.swift */ = {isa = PBXFileReference; lastKnownFileType = sourcecode.swift; path = ServiceRoundAddButton.swift; sourceTree = "<group>"; };
		7B75CF0E25DC3FA6001981CA /* UploadImageView.swift */ = {isa = PBXFileReference; lastKnownFileType = sourcecode.swift; path = UploadImageView.swift; sourceTree = "<group>"; };
		7B75CF1325DC4C53001981CA /* ProblemTextView.swift */ = {isa = PBXFileReference; lastKnownFileType = sourcecode.swift; path = ProblemTextView.swift; sourceTree = "<group>"; };
		7B75CF2F25DD661A001981CA /* TarifModuleData.swift */ = {isa = PBXFileReference; lastKnownFileType = sourcecode.swift; path = TarifModuleData.swift; sourceTree = "<group>"; };
		7B75CF3425DD6628001981CA /* Names.swift */ = {isa = PBXFileReference; lastKnownFileType = sourcecode.swift; path = Names.swift; sourceTree = "<group>"; };
		7B75CF3C25DD6CFE001981CA /* TopAlignLabel.swift */ = {isa = PBXFileReference; lastKnownFileType = sourcecode.swift; path = TopAlignLabel.swift; sourceTree = "<group>"; };
		7B75CF4125DD707B001981CA /* TariffInteractor.swift */ = {isa = PBXFileReference; lastKnownFileType = sourcecode.swift; path = TariffInteractor.swift; sourceTree = "<group>"; };
		7B75CF5025DD71E1001981CA /* TarifResponse.swift */ = {isa = PBXFileReference; lastKnownFileType = sourcecode.swift; path = TarifResponse.swift; sourceTree = "<group>"; };
		7B75CF6225DD7DD3001981CA /* UIImageView+Extension.swift */ = {isa = PBXFileReference; lastKnownFileType = sourcecode.swift; path = "UIImageView+Extension.swift"; sourceTree = "<group>"; };
		7B75CF8A25E00B9B001981CA /* MainBottomButtonUIData.swift */ = {isa = PBXFileReference; lastKnownFileType = sourcecode.swift; path = MainBottomButtonUIData.swift; sourceTree = "<group>"; };
		7B75CF8F25E01CFD001981CA /* ServerError.swift */ = {isa = PBXFileReference; lastKnownFileType = sourcecode.swift; path = ServerError.swift; sourceTree = "<group>"; };
		7B75CF9425E03861001981CA /* MapRoundButton.swift */ = {isa = PBXFileReference; lastKnownFileType = sourcecode.swift; path = MapRoundButton.swift; sourceTree = "<group>"; };
		7B75CF9925E038F4001981CA /* MapViewControllerUIData.swift */ = {isa = PBXFileReference; lastKnownFileType = sourcecode.swift; path = MapViewControllerUIData.swift; sourceTree = "<group>"; };
		7B75CFA425E03D5A001981CA /* MapBottomView.swift */ = {isa = PBXFileReference; lastKnownFileType = sourcecode.swift; path = MapBottomView.swift; sourceTree = "<group>"; };
		7B75CFAC25E16EA9001981CA /* MapInteractor.swift */ = {isa = PBXFileReference; lastKnownFileType = sourcecode.swift; path = MapInteractor.swift; sourceTree = "<group>"; };
		7B75CFB625E17219001981CA /* TableViewDataSourceAndDelegate.swift */ = {isa = PBXFileReference; lastKnownFileType = sourcecode.swift; path = TableViewDataSourceAndDelegate.swift; sourceTree = "<group>"; };
		7B75CFC425E175E8001981CA /* MapMenuViewCell.swift */ = {isa = PBXFileReference; lastKnownFileType = sourcecode.swift; path = MapMenuViewCell.swift; sourceTree = "<group>"; };
		7B75CFC925E17AF7001981CA /* MapMenuDataModel.swift */ = {isa = PBXFileReference; lastKnownFileType = sourcecode.swift; path = MapMenuDataModel.swift; sourceTree = "<group>"; };
		7B75CFDF25E3CBEC001981CA /* Taxi_and_food.xcdatamodel */ = {isa = PBXFileReference; lastKnownFileType = wrapper.xcdatamodel; path = Taxi_and_food.xcdatamodel; sourceTree = "<group>"; };
		7B75CFE725E3FE80001981CA /* PersistanceStoreManager.swift */ = {isa = PBXFileReference; lastKnownFileType = sourcecode.swift; path = PersistanceStoreManager.swift; sourceTree = "<group>"; };
		7BCBCB8125D9452B00C43CF6 /* AuthInteractor.swift */ = {isa = PBXFileReference; lastKnownFileType = sourcecode.swift; path = AuthInteractor.swift; sourceTree = "<group>"; };
		7BCBCB9025D94EC200C43CF6 /* GeneralUISettings.swift */ = {isa = PBXFileReference; lastKnownFileType = sourcecode.swift; path = GeneralUISettings.swift; sourceTree = "<group>"; };
		7BCBCB9525D94F4100C43CF6 /* UIColor+Extension.swift */ = {isa = PBXFileReference; lastKnownFileType = sourcecode.swift; path = "UIColor+Extension.swift"; sourceTree = "<group>"; };
		7BFFA66025D66F8300C35652 /* PhoneFormatter.swift */ = {isa = PBXFileReference; fileEncoding = 4; lastKnownFileType = sourcecode.swift; path = PhoneFormatter.swift; sourceTree = "<group>"; };
		7BFFA66525D66F9500C35652 /* UILabel+Extension.swift */ = {isa = PBXFileReference; fileEncoding = 4; lastKnownFileType = sourcecode.swift; path = "UILabel+Extension.swift"; sourceTree = "<group>"; };
		7BFFA66F25D66FAC00C35652 /* UITapGestureRecognizer+Extension.swift */ = {isa = PBXFileReference; fileEncoding = 4; lastKnownFileType = sourcecode.swift; path = "UITapGestureRecognizer+Extension.swift"; sourceTree = "<group>"; };
		7BFFA68225D67F0300C35652 /* MapViewController.swift */ = {isa = PBXFileReference; fileEncoding = 4; lastKnownFileType = sourcecode.swift; path = MapViewController.swift; sourceTree = "<group>"; };
		7BFFA70F25DBCC9200C35652 /* AuthAndMap.storyboard */ = {isa = PBXFileReference; fileEncoding = 4; lastKnownFileType = file.storyboard; path = AuthAndMap.storyboard; sourceTree = "<group>"; };
/* End PBXFileReference section */

/* Begin PBXFrameworksBuildPhase section */
		04B5650B25D6591200E0EC25 /* Frameworks */ = {
			isa = PBXFrameworksBuildPhase;
			buildActionMask = 2147483647;
			files = (
			);
			runOnlyForDeploymentPostprocessing = 0;
		};
		04B5652425D6591700E0EC25 /* Frameworks */ = {
			isa = PBXFrameworksBuildPhase;
			buildActionMask = 2147483647;
			files = (
			);
			runOnlyForDeploymentPostprocessing = 0;
		};
		04B5652F25D6591800E0EC25 /* Frameworks */ = {
			isa = PBXFrameworksBuildPhase;
			buildActionMask = 2147483647;
			files = (
			);
			runOnlyForDeploymentPostprocessing = 0;
		};
/* End PBXFrameworksBuildPhase section */

/* Begin PBXGroup section */
		0414313F25F86DB70074D86C /* Interactor */ = {
			isa = PBXGroup;
			children = (
				0414314025F86DF80074D86C /* AddressInteractor.swift */,
			);
			path = Interactor;
			sourceTree = "<group>";
		};
		0414314225F870440074D86C /* Model */ = {
			isa = PBXGroup;
			children = (
				0414314325F870680074D86C /* AddressModel.swift */,
			);
			path = Model;
			sourceTree = "<group>";
		};
		041E297E25DE1DBE00CA9F56 /* Settings module */ = {
			isa = PBXGroup;
			children = (
				041E297F25DE1DD400CA9F56 /* View */,
				041E298025DE1DE800CA9F56 /* Interactor */,
			);
			path = "Settings module";
			sourceTree = "<group>";
		};
		041E297F25DE1DD400CA9F56 /* View */ = {
			isa = PBXGroup;
			children = (
				041E298125DE1F8A00CA9F56 /* SettingsViewController.swift */,
				041E298725DE2ADC00CA9F56 /* SettingsStaticCell.swift */,
				041E298B25DF5F5B00CA9F56 /* SettingsSwitchCell.swift */,
				041E298925DE36B500CA9F56 /* SettingsOption.swift */,
				041E299125DF796000CA9F56 /* LanguageOption.swift */,
				041E298D25DF6DB900CA9F56 /* LanguageViewController.swift */,
				041E298F25DF6F9900CA9F56 /* LanguageCell.swift */,
				041E29A225E21AEA00CA9F56 /* Settings.storyboard */,
			);
			path = View;
			sourceTree = "<group>";
		};
		041E298025DE1DE800CA9F56 /* Interactor */ = {
			isa = PBXGroup;
			children = (
				041E298325DE1FA700CA9F56 /* SettingsInteractor.swift */,
			);
			path = Interactor;
			sourceTree = "<group>";
		};
		041E299425E20D4D00CA9F56 /* PersonalData module */ = {
			isa = PBXGroup;
			children = (
				041E299525E20D8800CA9F56 /* View */,
			);
			path = "PersonalData module";
			sourceTree = "<group>";
		};
		041E299525E20D8800CA9F56 /* View */ = {
			isa = PBXGroup;
			children = (
				041E299A25E20ED700CA9F56 /* PersonalDataViewController.swift */,
				041E299E25E210F600CA9F56 /* PersonalDataCell.swift */,
				041E29A825E220BC00CA9F56 /* PersonalDataModel.swift */,
				041E29AC25E2694000CA9F56 /* UAViewController.swift */,
				041E29AE25E26B5200CA9F56 /* PPViewController.swift */,
				041E299825E20E6400CA9F56 /* PersonalData.storyboard */,
				041E299725E20DB000CA9F56 /* Interactor */,
			);
			path = View;
			sourceTree = "<group>";
		};
		041E299725E20DB000CA9F56 /* Interactor */ = {
			isa = PBXGroup;
			children = (
				04CA5A5025E8F2CF00EDC886 /* PersonalDataInteractor.swift */,
			);
			path = Interactor;
			sourceTree = "<group>";
		};
		041E29BD25E7662600CA9F56 /* Promo module */ = {
			isa = PBXGroup;
			children = (
				041E29D925E7A51D00CA9F56 /* Model */,
				041E29BE25E7667800CA9F56 /* View */,
				041E29BF25E7667F00CA9F56 /* Interactor */,
			);
			name = "Promo module";
			path = "PersonalData module/Promo module";
			sourceTree = "<group>";
		};
		041E29BE25E7667800CA9F56 /* View */ = {
			isa = PBXGroup;
			children = (
				041E29C025E766D900CA9F56 /* PromoViewController.swift */,
				04CA5A5225E905EB00EDC886 /* PromoDescriptionViewController.swift */,
				04EFB7CD25EB887E00787C68 /* PromoDescriptionInteractor.swift */,
				041E29D325E79ED300CA9F56 /* PomotionShort */,
				041E29C225E7670000CA9F56 /* PromoTableViewCell.swift */,
				041E29C625E7691C00CA9F56 /* PromoCellModel.swift */,
				041E29CA25E769C700CA9F56 /* Promo.storyboard */,
			);
			path = View;
			sourceTree = "<group>";
		};
		041E29BF25E7667F00CA9F56 /* Interactor */ = {
			isa = PBXGroup;
			children = (
				041E29E025E7D88B00CA9F56 /* PromoInteractor.swift */,
			);
			path = Interactor;
			sourceTree = "<group>";
		};
		041E29D325E79ED300CA9F56 /* PomotionShort */ = {
			isa = PBXGroup;
			children = (
				04CA5A4F25E89AFF00EDC886 /* View */,
				04CA5A4E25E89AEC00EDC886 /* Interactor */,
			);
			path = PomotionShort;
			sourceTree = "<group>";
		};
		041E29D925E7A51D00CA9F56 /* Model */ = {
			isa = PBXGroup;
			children = (
				041E29DA25E7A54700CA9F56 /* PromoResponse.swift */,
			);
			path = Model;
			sourceTree = "<group>";
		};
		049A3F6525F1F61900C31AED /* Address module */ = {
			isa = PBXGroup;
			children = (
				0414314225F870440074D86C /* Model */,
				0414313F25F86DB70074D86C /* Interactor */,
				049A3F6825F20EF900C31AED /* View */,
			);
			path = "Address module";
			sourceTree = "<group>";
		};
		049A3F6825F20EF900C31AED /* View */ = {
			isa = PBXGroup;
			children = (
				049A3F6A25F20F5300C31AED /* AddressViewController.swift */,
				0414313B25F727C50074D86C /* AppleMapViewController.swift */,
			);
			path = View;
			sourceTree = "<group>";
		};
		04B5650525D6591200E0EC25 = {
			isa = PBXGroup;
			children = (
				04B5651025D6591200E0EC25 /* Taxi and food */,
				04B5652A25D6591700E0EC25 /* Taxi and foodTests */,
				04B5653525D6591800E0EC25 /* Taxi and foodUITests */,
				04B5650F25D6591200E0EC25 /* Products */,
			);
			sourceTree = "<group>";
		};
		04B5650F25D6591200E0EC25 /* Products */ = {
			isa = PBXGroup;
			children = (
				04B5650E25D6591200E0EC25 /* Taxi and food.app */,
				04B5652725D6591700E0EC25 /* Taxi and foodTests.xctest */,
				04B5653225D6591800E0EC25 /* Taxi and foodUITests.xctest */,
			);
			name = Products;
			sourceTree = "<group>";
		};
		04B5651025D6591200E0EC25 /* Taxi and food */ = {
			isa = PBXGroup;
			children = (
				04B5654425D6596900E0EC25 /* App lifecycle */,
				7B84660325D839BB00B09D98 /* Start Group */,
				049A3F6525F1F61900C31AED /* Address module */,
				049A3F6625F1F66400C31AED /* Address.storyboard */,
				7B47C81E25DD299F00F366FE /* Tariffs Module */,
				041E29BD25E7662600CA9F56 /* Promo module */,
				041E299425E20D4D00CA9F56 /* PersonalData module */,
				041E297E25DE1DBE00CA9F56 /* Settings module */,
				04B5656725D681BC00E0EC25 /* Service module */,
				04B5654C25D65A9800E0EC25 /* Services */,
				7B75CEE525DAE6E4001981CA /* CustomUI */,
				04B5655425D65B3900E0EC25 /* Extensions */,
				7B26145225DAD4CE00E2B779 /* Data */,
				04B5655925D65B8F00E0EC25 /* Helpers */,
				04B5651D25D6591700E0EC25 /* Assets.xcassets */,
				04B5651F25D6591700E0EC25 /* LaunchScreen.storyboard */,
				04B5652225D6591700E0EC25 /* Info.plist */,
			);
			path = "Taxi and food";
			sourceTree = "<group>";
		};
		04B5652A25D6591700E0EC25 /* Taxi and foodTests */ = {
			isa = PBXGroup;
			children = (
				04B5652B25D6591800E0EC25 /* Taxi_and_foodTests.swift */,
				04B5652D25D6591800E0EC25 /* Info.plist */,
			);
			path = "Taxi and foodTests";
			sourceTree = "<group>";
		};
		04B5653525D6591800E0EC25 /* Taxi and foodUITests */ = {
			isa = PBXGroup;
			children = (
				04B5653625D6591800E0EC25 /* Taxi_and_foodUITests.swift */,
				04B5653825D6591800E0EC25 /* Info.plist */,
			);
			path = "Taxi and foodUITests";
			sourceTree = "<group>";
		};
		04B5654425D6596900E0EC25 /* App lifecycle */ = {
			isa = PBXGroup;
			children = (
				04B5651125D6591200E0EC25 /* AppDelegate.swift */,
				04B5651325D6591200E0EC25 /* SceneDelegate.swift */,
			);
			path = "App lifecycle";
			sourceTree = "<group>";
		};
		04B5654525D659D800E0EC25 /* Auth module */ = {
			isa = PBXGroup;
			children = (
				04B5654725D65A0B00E0EC25 /* View */,
				7BCBCB8625D9454A00C43CF6 /* Interactor */,
			);
			path = "Auth module";
			sourceTree = "<group>";
		};
		04B5654725D65A0B00E0EC25 /* View */ = {
			isa = PBXGroup;
			children = (
				04B5654825D65A2600E0EC25 /* AuthViewController.swift */,
				7B2B99DC25D83A38008B6CD9 /* UserAgreementViewController.swift */,
			);
			path = View;
			sourceTree = "<group>";
		};
		04B5654C25D65A9800E0EC25 /* Services */ = {
			isa = PBXGroup;
			children = (
				04B5654D25D65AAC00E0EC25 /* NetworkServie */,
				7B75CFEC25E3FE88001981CA /* PersistanceService */,
			);
			path = Services;
			sourceTree = "<group>";
		};
		04B5654D25D65AAC00E0EC25 /* NetworkServie */ = {
			isa = PBXGroup;
			children = (
				04B5655025D65AF200E0EC25 /* NetworkService.swift */,
				04B5655225D65B1D00E0EC25 /* Resource.swift */,
			);
			path = NetworkServie;
			sourceTree = "<group>";
		};
		04B5655425D65B3900E0EC25 /* Extensions */ = {
			isa = PBXGroup;
			children = (
				04B5655525D65B4D00E0EC25 /* UITextField+Extension.swift */,
				7B75CEEE25DAF622001981CA /* String+Extension.swift */,
				7BFFA66F25D66FAC00C35652 /* UITapGestureRecognizer+Extension.swift */,
				04B5655725D65B6D00E0EC25 /* UIViewController+Extension.swift */,
				7BFFA66525D66F9500C35652 /* UILabel+Extension.swift */,
				7B75CF6225DD7DD3001981CA /* UIImageView+Extension.swift */,
				7BCBCB9525D94F4100C43CF6 /* UIColor+Extension.swift */,
				7B26145325DAD53F00E2B779 /* Userdefaults+Extension.swift */,
			);
			path = Extensions;
			sourceTree = "<group>";
		};
		04B5655925D65B8F00E0EC25 /* Helpers */ = {
			isa = PBXGroup;
			children = (
				7BFFA66025D66F8300C35652 /* PhoneFormatter.swift */,
				7B75CFB625E17219001981CA /* TableViewDataSourceAndDelegate.swift */,
				0465F51325DA30CD008CA6D0 /* AlertController.swift */,
				7B75CF8F25E01CFD001981CA /* ServerError.swift */,
			);
			path = Helpers;
			sourceTree = "<group>";
		};
		04B5656725D681BC00E0EC25 /* Service module */ = {
			isa = PBXGroup;
			children = (
				04B5656925D6823200E0EC25 /* View */,
				04B5656825D6822700E0EC25 /* Interactor */,
			);
			path = "Service module";
			sourceTree = "<group>";
		};
		04B5656825D6822700E0EC25 /* Interactor */ = {
			isa = PBXGroup;
			children = (
				0465F51525DA39BA008CA6D0 /* PhotosInteractor.swift */,
			);
			path = Interactor;
			sourceTree = "<group>";
		};
		04B5656925D6823200E0EC25 /* View */ = {
			isa = PBXGroup;
			children = (
				04B5656A25D6824400E0EC25 /* ServiceViewController.swift */,
				04B5656C25D68EA800E0EC25 /* PhotosViewController.swift */,
				0465F51925DA561D008CA6D0 /* SentViewController.swift */,
				04B5656E25D8D6C600E0EC25 /* PhotosCell.swift */,
				041E29A425E21BF300CA9F56 /* Service.storyboard */,
			);
			path = View;
			sourceTree = "<group>";
		};
		04CA5A4E25E89AEC00EDC886 /* Interactor */ = {
			isa = PBXGroup;
			children = (
				04CA5A4C25E89AB300EDC886 /* PromoShortInteractor.swift */,
			);
			path = Interactor;
			sourceTree = "<group>";
		};
		04CA5A4F25E89AFF00EDC886 /* View */ = {
			isa = PBXGroup;
			children = (
				041E29DE25E7D54300CA9F56 /* PromoShortViewController.swift */,
				041E29DC25E7D52600CA9F56 /* PromoShortTableViewCell.swift */,
			);
			path = View;
			sourceTree = "<group>";
		};
		7B26145225DAD4CE00E2B779 /* Data */ = {
			isa = PBXGroup;
			children = (
				7B75CFDE25E3CBEC001981CA /* Taxi_and_food.xcdatamodeld */,
				049A3F6C25F2100500C31AED /* AddressModuleUIData.swift */,
				7B26145E25DAD9BC00E2B779 /* AuthModuleUIData.swift */,
				7B75CF2F25DD661A001981CA /* TarifModuleData.swift */,
				7B75CF9925E038F4001981CA /* MapViewControllerUIData.swift */,
				7B75CF3425DD6628001981CA /* Names.swift */,
				7B75CED525DAE065001981CA /* ConfirmAuthModuleUIData.swift */,
				7B75CEDD25DAE2E3001981CA /* NetworkRequestData.swift */,
				7BCBCB9025D94EC200C43CF6 /* GeneralUISettings.swift */,
				7B75CF8A25E00B9B001981CA /* MainBottomButtonUIData.swift */,
				041E298525DE226400CA9F56 /* SettingsModuleUIData.swift */,
				041E29A025E2175800CA9F56 /* PersonalDataModuleUIData.swift */,
				041E29C425E7678000CA9F56 /* PromoModuleUIData.swift */,
				0465F53D25DBDD22008CA6D0 /* PhotosViewControllerUIData.swift */,
				0465F54125DBDD67008CA6D0 /* ServiceViewControllerUIData.swift */,
				0465F53F25DBDD49008CA6D0 /* SentViewControllerUIData.swift */,
			);
			path = Data;
			sourceTree = "<group>";
		};
		7B2B99E925D8417B008B6CD9 /* Model */ = {
			isa = PBXGroup;
			children = (
				7B2B99E425D83F10008B6CD9 /* AuthModel.swift */,
			);
			path = Model;
			sourceTree = "<group>";
		};
		7B2B99F525D84399008B6CD9 /* Interactor */ = {
			isa = PBXGroup;
			children = (
				7B2B99ED25D8419B008B6CD9 /* ConfirmAuthInteractor.swift */,
			);
			path = Interactor;
			sourceTree = "<group>";
		};
		7B47C81E25DD299F00F366FE /* Tariffs Module */ = {
			isa = PBXGroup;
			children = (
				7B75CF4C25DD716B001981CA /* Interactor */,
				7B47C83425DD3E1E00F366FE /* View */,
				7B75CF5525DD71F4001981CA /* Model */,
				7B47C81F25DD2A4C00F366FE /* Tarifs.storyboard */,
			);
			path = "Tariffs Module";
			sourceTree = "<group>";
		};
		7B47C83425DD3E1E00F366FE /* View */ = {
			isa = PBXGroup;
			children = (
				7B47C84225DD448A00F366FE /* AdvantageCollectionViewCell.swift */,
				7B47C84A25DD478D00F366FE /* TariffViewController.swift */,
				7B47C85425DE470500F366FE /* TariffsPageViewController.swift */,
			);
			path = View;
			sourceTree = "<group>";
		};
		7B75CEE525DAE6E4001981CA /* CustomUI */ = {
			isa = PBXGroup;
			children = (
				041E29B025E6155900CA9F56 /* SlideUpView.swift */,
				7B75CEE625DAE72C001981CA /* MainBottomButton.swift */,
				7B75CFA425E03D5A001981CA /* MapBottomView.swift */,
				7B47C87625E1458900F366FE /* MenuView.swift */,
				7B75CF9425E03861001981CA /* MapRoundButton.swift */,
				7B47C86125DE9A0300F366FE /* TariffTitleButton.swift */,
				7B75CF0E25DC3FA6001981CA /* UploadImageView.swift */,
				7B47C87B25E147E700F366FE /* CloseMenuButton.swift */,
				7B75CF0125DC3B58001981CA /* ServiceRoundAddButton.swift */,
				7B75CEF325DB0AC1001981CA /* DigitTextField.swift */,
				7B75CF3C25DD6CFE001981CA /* TopAlignLabel.swift */,
				7B75CF1325DC4C53001981CA /* ProblemTextView.swift */,
				043E67C925EDE50C003E49C9 /* PromoDestinationView.swift */,
			);
			path = CustomUI;
			sourceTree = "<group>";
		};
		7B75CF4C25DD716B001981CA /* Interactor */ = {
			isa = PBXGroup;
			children = (
				7B75CF4125DD707B001981CA /* TariffInteractor.swift */,
				7B47C85C25DE478400F366FE /* TariffsPageInteractor.swift */,
			);
			path = Interactor;
			sourceTree = "<group>";
		};
		7B75CF5525DD71F4001981CA /* Model */ = {
			isa = PBXGroup;
			children = (
				7B75CF5025DD71E1001981CA /* TarifResponse.swift */,
			);
			path = Model;
			sourceTree = "<group>";
		};
		7B75CFB125E16EB4001981CA /* Interactor */ = {
			isa = PBXGroup;
			children = (
				7B75CFAC25E16EA9001981CA /* MapInteractor.swift */,
			);
			path = Interactor;
			sourceTree = "<group>";
		};
		7B75CFCE25E17B19001981CA /* Model */ = {
			isa = PBXGroup;
			children = (
				7B75CFC925E17AF7001981CA /* MapMenuDataModel.swift */,
			);
			path = Model;
			sourceTree = "<group>";
		};
		7B75CFEC25E3FE88001981CA /* PersistanceService */ = {
			isa = PBXGroup;
			children = (
				7B75CFE725E3FE80001981CA /* PersistanceStoreManager.swift */,
			);
			path = PersistanceService;
			sourceTree = "<group>";
		};
		7B8465FE25D8397900B09D98 /* Map module */ = {
			isa = PBXGroup;
			children = (
				7B75CFB125E16EB4001981CA /* Interactor */,
				7B8465FF25D8398D00B09D98 /* View */,
				7B75CFCE25E17B19001981CA /* Model */,
			);
			path = "Map module";
			sourceTree = "<group>";
		};
		7B8465FF25D8398D00B09D98 /* View */ = {
			isa = PBXGroup;
			children = (
				7BFFA68225D67F0300C35652 /* MapViewController.swift */,
				7B75CFC425E175E8001981CA /* MapMenuViewCell.swift */,
			);
			path = View;
			sourceTree = "<group>";
		};
		7B84660325D839BB00B09D98 /* Start Group */ = {
			isa = PBXGroup;
			children = (
				7BFFA70F25DBCC9200C35652 /* AuthAndMap.storyboard */,
				04B5654525D659D800E0EC25 /* Auth module */,
				7BCBCB7925D9445900C43CF6 /* Confirm Module */,
				7B8465FE25D8397900B09D98 /* Map module */,
			);
			path = "Start Group";
			sourceTree = "<group>";
		};
		7BCBCB7925D9445900C43CF6 /* Confirm Module */ = {
			isa = PBXGroup;
			children = (
				7BCBCB8025D9448B00C43CF6 /* View */,
				7B2B99F525D84399008B6CD9 /* Interactor */,
				7B2B99E925D8417B008B6CD9 /* Model */,
			);
			path = "Confirm Module";
			sourceTree = "<group>";
		};
		7BCBCB8025D9448B00C43CF6 /* View */ = {
			isa = PBXGroup;
			children = (
				04B5654A25D65A5400E0EC25 /* ConfirmAuthViewController.swift */,
			);
			path = View;
			sourceTree = "<group>";
		};
		7BCBCB8625D9454A00C43CF6 /* Interactor */ = {
			isa = PBXGroup;
			children = (
				7BCBCB8125D9452B00C43CF6 /* AuthInteractor.swift */,
			);
			path = Interactor;
			sourceTree = "<group>";
		};
/* End PBXGroup section */

/* Begin PBXNativeTarget section */
		04B5650D25D6591200E0EC25 /* Taxi and food */ = {
			isa = PBXNativeTarget;
			buildConfigurationList = 04B5653B25D6591800E0EC25 /* Build configuration list for PBXNativeTarget "Taxi and food" */;
			buildPhases = (
				04B5650A25D6591200E0EC25 /* Sources */,
				04B5650B25D6591200E0EC25 /* Frameworks */,
				04B5650C25D6591200E0EC25 /* Resources */,
			);
			buildRules = (
			);
			dependencies = (
			);
			name = "Taxi and food";
			productName = "Taxi and food";
			productReference = 04B5650E25D6591200E0EC25 /* Taxi and food.app */;
			productType = "com.apple.product-type.application";
		};
		04B5652625D6591700E0EC25 /* Taxi and foodTests */ = {
			isa = PBXNativeTarget;
			buildConfigurationList = 04B5653E25D6591800E0EC25 /* Build configuration list for PBXNativeTarget "Taxi and foodTests" */;
			buildPhases = (
				04B5652325D6591700E0EC25 /* Sources */,
				04B5652425D6591700E0EC25 /* Frameworks */,
				04B5652525D6591700E0EC25 /* Resources */,
			);
			buildRules = (
			);
			dependencies = (
				04B5652925D6591700E0EC25 /* PBXTargetDependency */,
			);
			name = "Taxi and foodTests";
			productName = "Taxi and foodTests";
			productReference = 04B5652725D6591700E0EC25 /* Taxi and foodTests.xctest */;
			productType = "com.apple.product-type.bundle.unit-test";
		};
		04B5653125D6591800E0EC25 /* Taxi and foodUITests */ = {
			isa = PBXNativeTarget;
			buildConfigurationList = 04B5654125D6591800E0EC25 /* Build configuration list for PBXNativeTarget "Taxi and foodUITests" */;
			buildPhases = (
				04B5652E25D6591800E0EC25 /* Sources */,
				04B5652F25D6591800E0EC25 /* Frameworks */,
				04B5653025D6591800E0EC25 /* Resources */,
			);
			buildRules = (
			);
			dependencies = (
				04B5653425D6591800E0EC25 /* PBXTargetDependency */,
			);
			name = "Taxi and foodUITests";
			productName = "Taxi and foodUITests";
			productReference = 04B5653225D6591800E0EC25 /* Taxi and foodUITests.xctest */;
			productType = "com.apple.product-type.bundle.ui-testing";
		};
/* End PBXNativeTarget section */

/* Begin PBXProject section */
		04B5650625D6591200E0EC25 /* Project object */ = {
			isa = PBXProject;
			attributes = {
				LastSwiftUpdateCheck = 1130;
				LastUpgradeCheck = 1240;
				ORGANIZATIONNAME = kisamosina;
				TargetAttributes = {
					04B5650D25D6591200E0EC25 = {
						CreatedOnToolsVersion = 11.3.1;
					};
					04B5652625D6591700E0EC25 = {
						CreatedOnToolsVersion = 11.3.1;
						TestTargetID = 04B5650D25D6591200E0EC25;
					};
					04B5653125D6591800E0EC25 = {
						CreatedOnToolsVersion = 11.3.1;
						TestTargetID = 04B5650D25D6591200E0EC25;
					};
				};
			};
			buildConfigurationList = 04B5650925D6591200E0EC25 /* Build configuration list for PBXProject "Taxi and food" */;
			compatibilityVersion = "Xcode 9.3";
			developmentRegion = en;
			hasScannedForEncodings = 0;
			knownRegions = (
				en,
				Base,
			);
			mainGroup = 04B5650525D6591200E0EC25;
			productRefGroup = 04B5650F25D6591200E0EC25 /* Products */;
			projectDirPath = "";
			projectRoot = "";
			targets = (
				04B5650D25D6591200E0EC25 /* Taxi and food */,
				04B5652625D6591700E0EC25 /* Taxi and foodTests */,
				04B5653125D6591800E0EC25 /* Taxi and foodUITests */,
			);
		};
/* End PBXProject section */

/* Begin PBXResourcesBuildPhase section */
		04B5650C25D6591200E0EC25 /* Resources */ = {
			isa = PBXResourcesBuildPhase;
			buildActionMask = 2147483647;
			files = (
				041E29A525E21BF300CA9F56 /* Service.storyboard in Resources */,
				041E299925E20E6400CA9F56 /* PersonalData.storyboard in Resources */,
				04B5652125D6591700E0EC25 /* LaunchScreen.storyboard in Resources */,
				7B47C82025DD2A4C00F366FE /* Tarifs.storyboard in Resources */,
				049A3F6725F1F66400C31AED /* Address.storyboard in Resources */,
				041E29CB25E769C700CA9F56 /* Promo.storyboard in Resources */,
				04B5651E25D6591700E0EC25 /* Assets.xcassets in Resources */,
				041E29A325E21AEA00CA9F56 /* Settings.storyboard in Resources */,
				7BFFA71025DBCC9200C35652 /* AuthAndMap.storyboard in Resources */,
			);
			runOnlyForDeploymentPostprocessing = 0;
		};
		04B5652525D6591700E0EC25 /* Resources */ = {
			isa = PBXResourcesBuildPhase;
			buildActionMask = 2147483647;
			files = (
			);
			runOnlyForDeploymentPostprocessing = 0;
		};
		04B5653025D6591800E0EC25 /* Resources */ = {
			isa = PBXResourcesBuildPhase;
			buildActionMask = 2147483647;
			files = (
			);
			runOnlyForDeploymentPostprocessing = 0;
		};
/* End PBXResourcesBuildPhase section */

/* Begin PBXSourcesBuildPhase section */
		04B5650A25D6591200E0EC25 /* Sources */ = {
			isa = PBXSourcesBuildPhase;
			buildActionMask = 2147483647;
			files = (
				041E29DB25E7A54700CA9F56 /* PromoResponse.swift in Sources */,
				7BCBCB9625D94F4100C43CF6 /* UIColor+Extension.swift in Sources */,
				7B75CFA525E03D5A001981CA /* MapBottomView.swift in Sources */,
				04CA5A5125E8F2CF00EDC886 /* PersonalDataInteractor.swift in Sources */,
				04CA5A4D25E89AB300EDC886 /* PromoShortInteractor.swift in Sources */,
				7B47C87C25E147E700F366FE /* CloseMenuButton.swift in Sources */,
				7B47C84B25DD478D00F366FE /* TariffViewController.swift in Sources */,
				041E299025DF6F9900CA9F56 /* LanguageCell.swift in Sources */,
				041E29C725E7691C00CA9F56 /* PromoCellModel.swift in Sources */,
				0414314125F86DF90074D86C /* AddressInteractor.swift in Sources */,
				0465F51425DA30CD008CA6D0 /* AlertController.swift in Sources */,
				04B5655825D65B6D00E0EC25 /* UIViewController+Extension.swift in Sources */,
				7B75CF6325DD7DD3001981CA /* UIImageView+Extension.swift in Sources */,
				049A3F6B25F20F5300C31AED /* AddressViewController.swift in Sources */,
				7B47C85D25DE478400F366FE /* TariffsPageInteractor.swift in Sources */,
				04B5656D25D68EA800E0EC25 /* PhotosViewController.swift in Sources */,
				7B75CF0225DC3B58001981CA /* ServiceRoundAddButton.swift in Sources */,
				04EFB7CE25EB887F00787C68 /* PromoDescriptionInteractor.swift in Sources */,
				7B75CFCA25E17AF7001981CA /* MapMenuDataModel.swift in Sources */,
				0465F54225DBDD67008CA6D0 /* ServiceViewControllerUIData.swift in Sources */,
				04B5654925D65A2600E0EC25 /* AuthViewController.swift in Sources */,
				041E29A925E220BC00CA9F56 /* PersonalDataModel.swift in Sources */,
				04B5654B25D65A5400E0EC25 /* ConfirmAuthViewController.swift in Sources */,
				7B75CFE825E3FE80001981CA /* PersistanceStoreManager.swift in Sources */,
				041E29DF25E7D54300CA9F56 /* PromoShortViewController.swift in Sources */,
				049A3F6D25F2100500C31AED /* AddressModuleUIData.swift in Sources */,
				041E29DD25E7D52600CA9F56 /* PromoShortTableViewCell.swift in Sources */,
				7B2B99EE25D8419B008B6CD9 /* ConfirmAuthInteractor.swift in Sources */,
				7B75CF3025DD661A001981CA /* TarifModuleData.swift in Sources */,
				7B75CF9A25E038F4001981CA /* MapViewControllerUIData.swift in Sources */,
				7B75CEE725DAE72C001981CA /* MainBottomButton.swift in Sources */,
				7B47C85525DE470500F366FE /* TariffsPageViewController.swift in Sources */,
				041E298C25DF5F5B00CA9F56 /* SettingsSwitchCell.swift in Sources */,
				04B5651225D6591200E0EC25 /* AppDelegate.swift in Sources */,
				7B47C84325DD448A00F366FE /* AdvantageCollectionViewCell.swift in Sources */,
				7B47C86225DE9A0300F366FE /* TariffTitleButton.swift in Sources */,
				7B75CEEF25DAF622001981CA /* String+Extension.swift in Sources */,
				7B75CF0F25DC3FA6001981CA /* UploadImageView.swift in Sources */,
				041E298825DE2ADC00CA9F56 /* SettingsStaticCell.swift in Sources */,
				7BCBCB8225D9452B00C43CF6 /* AuthInteractor.swift in Sources */,
				7B2B99DD25D83A39008B6CD9 /* UserAgreementViewController.swift in Sources */,
				7B26145F25DAD9BC00E2B779 /* AuthModuleUIData.swift in Sources */,
				041E299225DF796000CA9F56 /* LanguageOption.swift in Sources */,
				04CA5A5325E905EB00EDC886 /* PromoDescriptionViewController.swift in Sources */,
				041E29AF25E26B5300CA9F56 /* PPViewController.swift in Sources */,
				0465F51625DA39BA008CA6D0 /* PhotosInteractor.swift in Sources */,
				041E29C125E766D900CA9F56 /* PromoViewController.swift in Sources */,
				041E298E25DF6DB900CA9F56 /* LanguageViewController.swift in Sources */,
				04B5655125D65AF200E0EC25 /* NetworkService.swift in Sources */,
				7B75CF9025E01CFD001981CA /* ServerError.swift in Sources */,
				041E298625DE226400CA9F56 /* SettingsModuleUIData.swift in Sources */,
				7BFFA67025D66FAC00C35652 /* UITapGestureRecognizer+Extension.swift in Sources */,
				7BFFA66125D66F8300C35652 /* PhoneFormatter.swift in Sources */,
				0465F53E25DBDD22008CA6D0 /* PhotosViewControllerUIData.swift in Sources */,
				041E298A25DE36B500CA9F56 /* SettingsOption.swift in Sources */,
				7B75CEF425DB0AC1001981CA /* DigitTextField.swift in Sources */,
				041E298425DE1FA700CA9F56 /* SettingsInteractor.swift in Sources */,
				041E298225DE1F8A00CA9F56 /* SettingsViewController.swift in Sources */,
				041E29B125E6155A00CA9F56 /* SlideUpView.swift in Sources */,
				041E299B25E20ED700CA9F56 /* PersonalDataViewController.swift in Sources */,
				7BFFA68325D67F0300C35652 /* MapViewController.swift in Sources */,
				041E29C325E7670000CA9F56 /* PromoTableViewCell.swift in Sources */,
				043E67CA25EDE50C003E49C9 /* PromoDestinationView.swift in Sources */,
				7B75CF1425DC4C53001981CA /* ProblemTextView.swift in Sources */,
				7B75CFB725E17219001981CA /* TableViewDataSourceAndDelegate.swift in Sources */,
				04B5655625D65B4D00E0EC25 /* UITextField+Extension.swift in Sources */,
				041E29AD25E2694000CA9F56 /* UAViewController.swift in Sources */,
				7BFFA66625D66F9500C35652 /* UILabel+Extension.swift in Sources */,
				7B75CF3525DD6628001981CA /* Names.swift in Sources */,
				7B75CED625DAE065001981CA /* ConfirmAuthModuleUIData.swift in Sources */,
				7B75CFE025E3CBEC001981CA /* Taxi_and_food.xcdatamodeld in Sources */,
				7B75CFC525E175E8001981CA /* MapMenuViewCell.swift in Sources */,
				041E299F25E210F600CA9F56 /* PersonalDataCell.swift in Sources */,
				7BCBCB9125D94EC200C43CF6 /* GeneralUISettings.swift in Sources */,
				7B75CEDE25DAE2E3001981CA /* NetworkRequestData.swift in Sources */,
				7B2B99E525D83F10008B6CD9 /* AuthModel.swift in Sources */,
				041E29A125E2175800CA9F56 /* PersonalDataModuleUIData.swift in Sources */,
				7B26145425DAD53F00E2B779 /* Userdefaults+Extension.swift in Sources */,
				7B75CF5125DD71E1001981CA /* TarifResponse.swift in Sources */,
				0414314425F870680074D86C /* AddressModel.swift in Sources */,
				7B75CF3D25DD6CFE001981CA /* TopAlignLabel.swift in Sources */,
				04B5651425D6591200E0EC25 /* SceneDelegate.swift in Sources */,
				041E29E125E7D88B00CA9F56 /* PromoInteractor.swift in Sources */,
				04B5656F25D8D6C700E0EC25 /* PhotosCell.swift in Sources */,
				7B75CFAD25E16EA9001981CA /* MapInteractor.swift in Sources */,
				7B75CF9525E03861001981CA /* MapRoundButton.swift in Sources */,
				7B75CF4225DD707B001981CA /* TariffInteractor.swift in Sources */,
				0465F51A25DA561D008CA6D0 /* SentViewController.swift in Sources */,
				0414313C25F727C50074D86C /* AppleMapViewController.swift in Sources */,
				7B47C87725E1458900F366FE /* MenuView.swift in Sources */,
				04B5655325D65B1D00E0EC25 /* Resource.swift in Sources */,
				041E29C525E7678000CA9F56 /* PromoModuleUIData.swift in Sources */,
				7B75CF8B25E00B9B001981CA /* MainBottomButtonUIData.swift in Sources */,
				0465F54025DBDD49008CA6D0 /* SentViewControllerUIData.swift in Sources */,
				04B5656B25D6824400E0EC25 /* ServiceViewController.swift in Sources */,
			);
			runOnlyForDeploymentPostprocessing = 0;
		};
		04B5652325D6591700E0EC25 /* Sources */ = {
			isa = PBXSourcesBuildPhase;
			buildActionMask = 2147483647;
			files = (
				04B5652C25D6591800E0EC25 /* Taxi_and_foodTests.swift in Sources */,
			);
			runOnlyForDeploymentPostprocessing = 0;
		};
		04B5652E25D6591800E0EC25 /* Sources */ = {
			isa = PBXSourcesBuildPhase;
			buildActionMask = 2147483647;
			files = (
				04B5653725D6591800E0EC25 /* Taxi_and_foodUITests.swift in Sources */,
			);
			runOnlyForDeploymentPostprocessing = 0;
		};
/* End PBXSourcesBuildPhase section */

/* Begin PBXTargetDependency section */
		04B5652925D6591700E0EC25 /* PBXTargetDependency */ = {
			isa = PBXTargetDependency;
			target = 04B5650D25D6591200E0EC25 /* Taxi and food */;
			targetProxy = 04B5652825D6591700E0EC25 /* PBXContainerItemProxy */;
		};
		04B5653425D6591800E0EC25 /* PBXTargetDependency */ = {
			isa = PBXTargetDependency;
			target = 04B5650D25D6591200E0EC25 /* Taxi and food */;
			targetProxy = 04B5653325D6591800E0EC25 /* PBXContainerItemProxy */;
		};
/* End PBXTargetDependency section */

/* Begin PBXVariantGroup section */
		04B5651F25D6591700E0EC25 /* LaunchScreen.storyboard */ = {
			isa = PBXVariantGroup;
			children = (
				04B5652025D6591700E0EC25 /* Base */,
			);
			name = LaunchScreen.storyboard;
			sourceTree = "<group>";
		};
/* End PBXVariantGroup section */

/* Begin XCBuildConfiguration section */
		04B5653925D6591800E0EC25 /* Debug */ = {
			isa = XCBuildConfiguration;
			buildSettings = {
				ALWAYS_SEARCH_USER_PATHS = NO;
				CLANG_ANALYZER_NONNULL = YES;
				CLANG_ANALYZER_NUMBER_OBJECT_CONVERSION = YES_AGGRESSIVE;
				CLANG_CXX_LANGUAGE_STANDARD = "gnu++14";
				CLANG_CXX_LIBRARY = "libc++";
				CLANG_ENABLE_MODULES = YES;
				CLANG_ENABLE_OBJC_ARC = YES;
				CLANG_ENABLE_OBJC_WEAK = YES;
				CLANG_WARN_BLOCK_CAPTURE_AUTORELEASING = YES;
				CLANG_WARN_BOOL_CONVERSION = YES;
				CLANG_WARN_COMMA = YES;
				CLANG_WARN_CONSTANT_CONVERSION = YES;
				CLANG_WARN_DEPRECATED_OBJC_IMPLEMENTATIONS = YES;
				CLANG_WARN_DIRECT_OBJC_ISA_USAGE = YES_ERROR;
				CLANG_WARN_DOCUMENTATION_COMMENTS = YES;
				CLANG_WARN_EMPTY_BODY = YES;
				CLANG_WARN_ENUM_CONVERSION = YES;
				CLANG_WARN_INFINITE_RECURSION = YES;
				CLANG_WARN_INT_CONVERSION = YES;
				CLANG_WARN_NON_LITERAL_NULL_CONVERSION = YES;
				CLANG_WARN_OBJC_IMPLICIT_RETAIN_SELF = YES;
				CLANG_WARN_OBJC_LITERAL_CONVERSION = YES;
				CLANG_WARN_OBJC_ROOT_CLASS = YES_ERROR;
				CLANG_WARN_QUOTED_INCLUDE_IN_FRAMEWORK_HEADER = YES;
				CLANG_WARN_RANGE_LOOP_ANALYSIS = YES;
				CLANG_WARN_STRICT_PROTOTYPES = YES;
				CLANG_WARN_SUSPICIOUS_MOVE = YES;
				CLANG_WARN_UNGUARDED_AVAILABILITY = YES_AGGRESSIVE;
				CLANG_WARN_UNREACHABLE_CODE = YES;
				CLANG_WARN__DUPLICATE_METHOD_MATCH = YES;
				COPY_PHASE_STRIP = NO;
				DEBUG_INFORMATION_FORMAT = dwarf;
				ENABLE_STRICT_OBJC_MSGSEND = YES;
				ENABLE_TESTABILITY = YES;
				GCC_C_LANGUAGE_STANDARD = gnu11;
				GCC_DYNAMIC_NO_PIC = NO;
				GCC_NO_COMMON_BLOCKS = YES;
				GCC_OPTIMIZATION_LEVEL = 0;
				GCC_PREPROCESSOR_DEFINITIONS = (
					"DEBUG=1",
					"$(inherited)",
				);
				GCC_WARN_64_TO_32_BIT_CONVERSION = YES;
				GCC_WARN_ABOUT_RETURN_TYPE = YES_ERROR;
				GCC_WARN_UNDECLARED_SELECTOR = YES;
				GCC_WARN_UNINITIALIZED_AUTOS = YES_AGGRESSIVE;
				GCC_WARN_UNUSED_FUNCTION = YES;
				GCC_WARN_UNUSED_VARIABLE = YES;
				IPHONEOS_DEPLOYMENT_TARGET = 13.0;
				MTL_ENABLE_DEBUG_INFO = INCLUDE_SOURCE;
				MTL_FAST_MATH = YES;
				ONLY_ACTIVE_ARCH = YES;
				SDKROOT = iphoneos;
				SWIFT_ACTIVE_COMPILATION_CONDITIONS = DEBUG;
				SWIFT_OPTIMIZATION_LEVEL = "-Onone";
			};
			name = Debug;
		};
		04B5653A25D6591800E0EC25 /* Release */ = {
			isa = XCBuildConfiguration;
			buildSettings = {
				ALWAYS_SEARCH_USER_PATHS = NO;
				CLANG_ANALYZER_NONNULL = YES;
				CLANG_ANALYZER_NUMBER_OBJECT_CONVERSION = YES_AGGRESSIVE;
				CLANG_CXX_LANGUAGE_STANDARD = "gnu++14";
				CLANG_CXX_LIBRARY = "libc++";
				CLANG_ENABLE_MODULES = YES;
				CLANG_ENABLE_OBJC_ARC = YES;
				CLANG_ENABLE_OBJC_WEAK = YES;
				CLANG_WARN_BLOCK_CAPTURE_AUTORELEASING = YES;
				CLANG_WARN_BOOL_CONVERSION = YES;
				CLANG_WARN_COMMA = YES;
				CLANG_WARN_CONSTANT_CONVERSION = YES;
				CLANG_WARN_DEPRECATED_OBJC_IMPLEMENTATIONS = YES;
				CLANG_WARN_DIRECT_OBJC_ISA_USAGE = YES_ERROR;
				CLANG_WARN_DOCUMENTATION_COMMENTS = YES;
				CLANG_WARN_EMPTY_BODY = YES;
				CLANG_WARN_ENUM_CONVERSION = YES;
				CLANG_WARN_INFINITE_RECURSION = YES;
				CLANG_WARN_INT_CONVERSION = YES;
				CLANG_WARN_NON_LITERAL_NULL_CONVERSION = YES;
				CLANG_WARN_OBJC_IMPLICIT_RETAIN_SELF = YES;
				CLANG_WARN_OBJC_LITERAL_CONVERSION = YES;
				CLANG_WARN_OBJC_ROOT_CLASS = YES_ERROR;
				CLANG_WARN_QUOTED_INCLUDE_IN_FRAMEWORK_HEADER = YES;
				CLANG_WARN_RANGE_LOOP_ANALYSIS = YES;
				CLANG_WARN_STRICT_PROTOTYPES = YES;
				CLANG_WARN_SUSPICIOUS_MOVE = YES;
				CLANG_WARN_UNGUARDED_AVAILABILITY = YES_AGGRESSIVE;
				CLANG_WARN_UNREACHABLE_CODE = YES;
				CLANG_WARN__DUPLICATE_METHOD_MATCH = YES;
				COPY_PHASE_STRIP = NO;
				DEBUG_INFORMATION_FORMAT = "dwarf-with-dsym";
				ENABLE_NS_ASSERTIONS = NO;
				ENABLE_STRICT_OBJC_MSGSEND = YES;
				GCC_C_LANGUAGE_STANDARD = gnu11;
				GCC_NO_COMMON_BLOCKS = YES;
				GCC_WARN_64_TO_32_BIT_CONVERSION = YES;
				GCC_WARN_ABOUT_RETURN_TYPE = YES_ERROR;
				GCC_WARN_UNDECLARED_SELECTOR = YES;
				GCC_WARN_UNINITIALIZED_AUTOS = YES_AGGRESSIVE;
				GCC_WARN_UNUSED_FUNCTION = YES;
				GCC_WARN_UNUSED_VARIABLE = YES;
				IPHONEOS_DEPLOYMENT_TARGET = 13.0;
				MTL_ENABLE_DEBUG_INFO = NO;
				MTL_FAST_MATH = YES;
				SDKROOT = iphoneos;
				SWIFT_COMPILATION_MODE = wholemodule;
				SWIFT_OPTIMIZATION_LEVEL = "-O";
				VALIDATE_PRODUCT = YES;
			};
			name = Release;
		};
		04B5653C25D6591800E0EC25 /* Debug */ = {
			isa = XCBuildConfiguration;
			buildSettings = {
				ASSETCATALOG_COMPILER_APPICON_NAME = AppIcon;
				CODE_SIGN_STYLE = Automatic;
				INFOPLIST_FILE = "Taxi and food/Info.plist";
				LD_RUNPATH_SEARCH_PATHS = (
					"$(inherited)",
					"@executable_path/Frameworks",
				);
				PRODUCT_BUNDLE_IDENTIFIER = "com.kisamosina.Taxi-and-food";
				PRODUCT_NAME = "$(TARGET_NAME)";
				SWIFT_VERSION = 5.0;
				TARGETED_DEVICE_FAMILY = "1,2";
			};
			name = Debug;
		};
		04B5653D25D6591800E0EC25 /* Release */ = {
			isa = XCBuildConfiguration;
			buildSettings = {
				ASSETCATALOG_COMPILER_APPICON_NAME = AppIcon;
				CODE_SIGN_STYLE = Automatic;
				INFOPLIST_FILE = "Taxi and food/Info.plist";
				LD_RUNPATH_SEARCH_PATHS = (
					"$(inherited)",
					"@executable_path/Frameworks",
				);
				PRODUCT_BUNDLE_IDENTIFIER = "com.kisamosina.Taxi-and-food";
				PRODUCT_NAME = "$(TARGET_NAME)";
				SWIFT_VERSION = 5.0;
				TARGETED_DEVICE_FAMILY = "1,2";
			};
			name = Release;
		};
		04B5653F25D6591800E0EC25 /* Debug */ = {
			isa = XCBuildConfiguration;
			buildSettings = {
				ALWAYS_EMBED_SWIFT_STANDARD_LIBRARIES = YES;
				BUNDLE_LOADER = "$(TEST_HOST)";
				CODE_SIGN_STYLE = Automatic;
				INFOPLIST_FILE = "Taxi and foodTests/Info.plist";
				IPHONEOS_DEPLOYMENT_TARGET = 13.2;
				LD_RUNPATH_SEARCH_PATHS = (
					"$(inherited)",
					"@executable_path/Frameworks",
					"@loader_path/Frameworks",
				);
				PRODUCT_BUNDLE_IDENTIFIER = "com.kisamosina.Taxi-and-foodTests";
				PRODUCT_NAME = "$(TARGET_NAME)";
				SWIFT_VERSION = 5.0;
				TARGETED_DEVICE_FAMILY = "1,2";
				TEST_HOST = "$(BUILT_PRODUCTS_DIR)/Taxi and food.app/Taxi and food";
			};
			name = Debug;
		};
		04B5654025D6591800E0EC25 /* Release */ = {
			isa = XCBuildConfiguration;
			buildSettings = {
				ALWAYS_EMBED_SWIFT_STANDARD_LIBRARIES = YES;
				BUNDLE_LOADER = "$(TEST_HOST)";
				CODE_SIGN_STYLE = Automatic;
				INFOPLIST_FILE = "Taxi and foodTests/Info.plist";
				IPHONEOS_DEPLOYMENT_TARGET = 13.2;
				LD_RUNPATH_SEARCH_PATHS = (
					"$(inherited)",
					"@executable_path/Frameworks",
					"@loader_path/Frameworks",
				);
				PRODUCT_BUNDLE_IDENTIFIER = "com.kisamosina.Taxi-and-foodTests";
				PRODUCT_NAME = "$(TARGET_NAME)";
				SWIFT_VERSION = 5.0;
				TARGETED_DEVICE_FAMILY = "1,2";
				TEST_HOST = "$(BUILT_PRODUCTS_DIR)/Taxi and food.app/Taxi and food";
			};
			name = Release;
		};
		04B5654225D6591800E0EC25 /* Debug */ = {
			isa = XCBuildConfiguration;
			buildSettings = {
				ALWAYS_EMBED_SWIFT_STANDARD_LIBRARIES = YES;
				CODE_SIGN_STYLE = Automatic;
				INFOPLIST_FILE = "Taxi and foodUITests/Info.plist";
				LD_RUNPATH_SEARCH_PATHS = (
					"$(inherited)",
					"@executable_path/Frameworks",
					"@loader_path/Frameworks",
				);
				PRODUCT_BUNDLE_IDENTIFIER = "com.kisamosina.Taxi-and-foodUITests";
				PRODUCT_NAME = "$(TARGET_NAME)";
				SWIFT_VERSION = 5.0;
				TARGETED_DEVICE_FAMILY = "1,2";
				TEST_TARGET_NAME = "Taxi and food";
			};
			name = Debug;
		};
		04B5654325D6591800E0EC25 /* Release */ = {
			isa = XCBuildConfiguration;
			buildSettings = {
				ALWAYS_EMBED_SWIFT_STANDARD_LIBRARIES = YES;
				CODE_SIGN_STYLE = Automatic;
				INFOPLIST_FILE = "Taxi and foodUITests/Info.plist";
				LD_RUNPATH_SEARCH_PATHS = (
					"$(inherited)",
					"@executable_path/Frameworks",
					"@loader_path/Frameworks",
				);
				PRODUCT_BUNDLE_IDENTIFIER = "com.kisamosina.Taxi-and-foodUITests";
				PRODUCT_NAME = "$(TARGET_NAME)";
				SWIFT_VERSION = 5.0;
				TARGETED_DEVICE_FAMILY = "1,2";
				TEST_TARGET_NAME = "Taxi and food";
			};
			name = Release;
		};
/* End XCBuildConfiguration section */

/* Begin XCConfigurationList section */
		04B5650925D6591200E0EC25 /* Build configuration list for PBXProject "Taxi and food" */ = {
			isa = XCConfigurationList;
			buildConfigurations = (
				04B5653925D6591800E0EC25 /* Debug */,
				04B5653A25D6591800E0EC25 /* Release */,
			);
			defaultConfigurationIsVisible = 0;
			defaultConfigurationName = Release;
		};
		04B5653B25D6591800E0EC25 /* Build configuration list for PBXNativeTarget "Taxi and food" */ = {
			isa = XCConfigurationList;
			buildConfigurations = (
				04B5653C25D6591800E0EC25 /* Debug */,
				04B5653D25D6591800E0EC25 /* Release */,
			);
			defaultConfigurationIsVisible = 0;
			defaultConfigurationName = Release;
		};
		04B5653E25D6591800E0EC25 /* Build configuration list for PBXNativeTarget "Taxi and foodTests" */ = {
			isa = XCConfigurationList;
			buildConfigurations = (
				04B5653F25D6591800E0EC25 /* Debug */,
				04B5654025D6591800E0EC25 /* Release */,
			);
			defaultConfigurationIsVisible = 0;
			defaultConfigurationName = Release;
		};
		04B5654125D6591800E0EC25 /* Build configuration list for PBXNativeTarget "Taxi and foodUITests" */ = {
			isa = XCConfigurationList;
			buildConfigurations = (
				04B5654225D6591800E0EC25 /* Debug */,
				04B5654325D6591800E0EC25 /* Release */,
			);
			defaultConfigurationIsVisible = 0;
			defaultConfigurationName = Release;
		};
/* End XCConfigurationList section */

/* Begin XCVersionGroup section */
		7B75CFDE25E3CBEC001981CA /* Taxi_and_food.xcdatamodeld */ = {
			isa = XCVersionGroup;
			children = (
				7B75CFDF25E3CBEC001981CA /* Taxi_and_food.xcdatamodel */,
			);
			currentVersion = 7B75CFDF25E3CBEC001981CA /* Taxi_and_food.xcdatamodel */;
			path = Taxi_and_food.xcdatamodeld;
			sourceTree = "<group>";
			versionGroupType = wrapper.xcdatamodel;
		};
/* End XCVersionGroup section */
	};
	rootObject = 04B5650625D6591200E0EC25 /* Project object */;
}
